// !$*UTF8*$!
{
	archiveVersion = 1;
	classes = {
	};
	objectVersion = 51;
	objects = {

/* Begin PBXBuildFile section */
		07CAD504A77026CD2FBB648E /* NetworkSession.swift in Sources */ = {isa = PBXBuildFile; fileRef = 2DDF110B99E4F3E8EDCB036F /* NetworkSession.swift */; };
		0D7900CA23B0C19043113A87 /* BeersResponseDecoder.swift in Sources */ = {isa = PBXBuildFile; fileRef = 68B04D4B58679CF4CE339355 /* BeersResponseDecoder.swift */; };
		2614B6FF884D1EE9CD8E7963 /* BeerGridCellViewModel.swift in Sources */ = {isa = PBXBuildFile; fileRef = C786720486976C8163E2973B /* BeerGridCellViewModel.swift */; };
		2617DD8FD54B76E9010ED44F /* BeersGridHeaderViewModel.swift in Sources */ = {isa = PBXBuildFile; fileRef = F44364B86FDD4F11335E6F44 /* BeersGridHeaderViewModel.swift */; };
		3208069F7BDD4B1FD6D92C89 /* NetworkRequest.swift in Sources */ = {isa = PBXBuildFile; fileRef = 498D1D2D819901B85B890918 /* NetworkRequest.swift */; };
		3CA76086E7F71291358A0225 /* BeersGridCollectionViewCell.swift in Sources */ = {isa = PBXBuildFile; fileRef = EDF53945969E02F884A62B44 /* BeersGridCollectionViewCell.swift */; };
		40D4D2A0F14903C5A3314954 /* AppDelegate.swift in Sources */ = {isa = PBXBuildFile; fileRef = 7DC61B8B392097C62AC2715E /* AppDelegate.swift */; };
		46C490FBAACA56995FD4B732 /* Repository.swift in Sources */ = {isa = PBXBuildFile; fileRef = A94F384EF546349BEAFACDB0 /* Repository.swift */; };
		4BB06BBAE193DC332440CA36 /* BeersRepository+Rx.swift in Sources */ = {isa = PBXBuildFile; fileRef = 2C0DC267028477E0B133681B /* BeersRepository+Rx.swift */; };
		4E421654EAA1C36BF873057A /* NetworkSessionError.swift in Sources */ = {isa = PBXBuildFile; fileRef = 3C233A4DCA970A90118A790C /* NetworkSessionError.swift */; };
		53AF5EC2D0C50920888F7024 /* BeerImageRequest.swift in Sources */ = {isa = PBXBuildFile; fileRef = E345CAA70BCD93A2498159BC /* BeerImageRequest.swift */; };
		54EDE29BCD57A596545A31DC /* Beer.swift in Sources */ = {isa = PBXBuildFile; fileRef = 895DF00D3B139A334CCF5DFD /* Beer.swift */; };
		5B19AAD0324FAC40455D83F0 /* BeersGridViewModel.swift in Sources */ = {isa = PBXBuildFile; fileRef = AF148F33DC02B7BF8B08E942 /* BeersGridViewModel.swift */; };
		67D6AE5AB86026CBE1D2B77E /* BeersRequest.swift in Sources */ = {isa = PBXBuildFile; fileRef = 82528A1D36001D731EB2E829 /* BeersRequest.swift */; };
		6B7E4A1125B5DBA6009B7BE7 /* ActivityIndicator.swift in Sources */ = {isa = PBXBuildFile; fileRef = F8F76A537F8B7139D8ADBC52 /* ActivityIndicator.swift */; };
		6B7E4A2D25B5E327009B7BE7 /* HTTPMethodType.swift in Sources */ = {isa = PBXBuildFile; fileRef = 6B7E4A2C25B5E327009B7BE7 /* HTTPMethodType.swift */; };
		6B7E4A7B25B5E74A009B7BE7 /* MockRepository.swift in Sources */ = {isa = PBXBuildFile; fileRef = 6B7E4A7225B5E74A009B7BE7 /* MockRepository.swift */; };
		6B7E4A7C25B5E74A009B7BE7 /* MockNetwork.swift in Sources */ = {isa = PBXBuildFile; fileRef = 6B7E4A7325B5E74A009B7BE7 /* MockNetwork.swift */; };
		6B7E4A7D25B5E74A009B7BE7 /* MockError.swift in Sources */ = {isa = PBXBuildFile; fileRef = 6B7E4A7425B5E74A009B7BE7 /* MockError.swift */; };
		6B7E4A7E25B5E74A009B7BE7 /* MockNetworkResponseDecoder.swift in Sources */ = {isa = PBXBuildFile; fileRef = 6B7E4A7525B5E74A009B7BE7 /* MockNetworkResponseDecoder.swift */; };
		6B7E4A7F25B5E74A009B7BE7 /* MockDatabase.swift in Sources */ = {isa = PBXBuildFile; fileRef = 6B7E4A7625B5E74A009B7BE7 /* MockDatabase.swift */; };
		6B7E4A8025B5E74A009B7BE7 /* Beer+Extenstion.swift in Sources */ = {isa = PBXBuildFile; fileRef = 6B7E4A7725B5E74A009B7BE7 /* Beer+Extenstion.swift */; };
		6B7E4A8125B5E74A009B7BE7 /* MockNetworkImageRequest.swift in Sources */ = {isa = PBXBuildFile; fileRef = 6B7E4A7825B5E74A009B7BE7 /* MockNetworkImageRequest.swift */; };
		6B7E4A8225B5E74A009B7BE7 /* MockBeersGridViewModel.swift in Sources */ = {isa = PBXBuildFile; fileRef = 6B7E4A7925B5E74A009B7BE7 /* MockBeersGridViewModel.swift */; };
		6B7E4A8325B5E74A009B7BE7 /* MockNetworkRequest.swift in Sources */ = {isa = PBXBuildFile; fileRef = 6B7E4A7A25B5E74A009B7BE7 /* MockNetworkRequest.swift */; };
		6B7E4A9F25B5E773009B7BE7 /* tick.jpg in Resources */ = {isa = PBXBuildFile; fileRef = 6B7E4A8925B5E773009B7BE7 /* tick.jpg */; };
		6B7E4AA225B5E773009B7BE7 /* beer-invalid.json in Resources */ = {isa = PBXBuildFile; fileRef = 6B7E4A8D25B5E773009B7BE7 /* beer-invalid.json */; };
		6B7E4AA325B5E773009B7BE7 /* beer-valid.json in Resources */ = {isa = PBXBuildFile; fileRef = 6B7E4A8E25B5E773009B7BE7 /* beer-valid.json */; };
		6B7E4AA525B5E773009B7BE7 /* NetworkSessionTests.swift in Sources */ = {isa = PBXBuildFile; fileRef = 6B7E4A9125B5E773009B7BE7 /* NetworkSessionTests.swift */; };
		6B7E4AA625B5E773009B7BE7 /* ImageRepositoryTests.swift in Sources */ = {isa = PBXBuildFile; fileRef = 6B7E4A9325B5E773009B7BE7 /* ImageRepositoryTests.swift */; };
		6B7E4AA725B5E773009B7BE7 /* BeersRequestTests.swift in Sources */ = {isa = PBXBuildFile; fileRef = 6B7E4A9525B5E773009B7BE7 /* BeersRequestTests.swift */; };
		6B7E4AA825B5E773009B7BE7 /* BeerTests.swift in Sources */ = {isa = PBXBuildFile; fileRef = 6B7E4A9625B5E773009B7BE7 /* BeerTests.swift */; };
		6B7E4AA925B5E773009B7BE7 /* RepositoryTests.swift in Sources */ = {isa = PBXBuildFile; fileRef = 6B7E4A9725B5E773009B7BE7 /* RepositoryTests.swift */; };
		6B7E4AAA25B5E773009B7BE7 /* BeersGridViewModelTests.swift in Sources */ = {isa = PBXBuildFile; fileRef = 6B7E4A9925B5E773009B7BE7 /* BeersGridViewModelTests.swift */; };
		6B7E4AAB25B5E773009B7BE7 /* BeersGridViewControllerTests.swift in Sources */ = {isa = PBXBuildFile; fileRef = 6B7E4A9A25B5E773009B7BE7 /* BeersGridViewControllerTests.swift */; };
		6B7E4AAC25B5E773009B7BE7 /* NSObject+SuperSession.swift in Sources */ = {isa = PBXBuildFile; fileRef = 6B7E4A9C25B5E773009B7BE7 /* NSObject+SuperSession.swift */; };
		6B7E4AAD25B5E773009B7BE7 /* SuperSession.swift in Sources */ = {isa = PBXBuildFile; fileRef = 6B7E4A9D25B5E773009B7BE7 /* SuperSession.swift */; };
		6B7E4AAE25B5E773009B7BE7 /* DataTask.swift in Sources */ = {isa = PBXBuildFile; fileRef = 6B7E4A9E25B5E773009B7BE7 /* DataTask.swift */; };
		6B7E4B1E25B64591009B7BE7 /* ImageRepository+Rx.swift in Sources */ = {isa = PBXBuildFile; fileRef = 6B7E4B1D25B64591009B7BE7 /* ImageRepository+Rx.swift */; };
		6CDCCB7BAD5384CAE9CF9213 /* BeersGridViewController.swift in Sources */ = {isa = PBXBuildFile; fileRef = ADF90CB5F6B638AC9E0AB71D /* BeersGridViewController.swift */; };
		6D16355C6294BC822C071C5A /* Network.swift in Sources */ = {isa = PBXBuildFile; fileRef = 2B0948B9AC3F93C9A17AC4B9 /* Network.swift */; };
		7E4D1FDF224DAB2EF625F436 /* BeersGrid.storyboard in Resources */ = {isa = PBXBuildFile; fileRef = AB7BE60EA72F82F192C82ACC /* BeersGrid.storyboard */; };
		800758D91DBD5300FD46166A /* CoordinatorFactory.swift in Sources */ = {isa = PBXBuildFile; fileRef = D5DAB51F1C47C944972C9DC4 /* CoordinatorFactory.swift */; };
		878D6D97DF2F42C6A3FE1E75 /* NetworkRequestError.swift in Sources */ = {isa = PBXBuildFile; fileRef = 3A3FEAB9F9BC38A521A9A968 /* NetworkRequestError.swift */; };
		89057232B760E92CB5A08E81 /* ImageRepository.swift in Sources */ = {isa = PBXBuildFile; fileRef = C12A1B02B94BC82553B7E591 /* ImageRepository.swift */; };
		9146E790F224AC2C96B8FD7F /* Observable+Extension.swift in Sources */ = {isa = PBXBuildFile; fileRef = 40FB5D246056012ACB4A7179 /* Observable+Extension.swift */; };
		97E3829CD4629E32C02CD753 /* Pods_HiMumSaidDadTests.framework in Frameworks */ = {isa = PBXBuildFile; fileRef = 5FE0B745FF8A6FB87D770D6C /* Pods_HiMumSaidDadTests.framework */; };
		A9F09D2CF2ECC508E3590520 /* BeersRepository.swift in Sources */ = {isa = PBXBuildFile; fileRef = 5D53B833A23B14E7EA62A2A9 /* BeersRepository.swift */; };
		B5ED260D20B09D13315742DE /* Database.swift in Sources */ = {isa = PBXBuildFile; fileRef = F018C7E33D6E76782FC4B67B /* Database.swift */; };
		C080B30D86A0EF1C98508A83 /* Pods_HiMumSaidDad.framework in Frameworks */ = {isa = PBXBuildFile; fileRef = 89E1D87488C1F61064BF9728 /* Pods_HiMumSaidDad.framework */; };
		C8A6A999FC307BDB125A2117 /* NetworkResponseDecoder.swift in Sources */ = {isa = PBXBuildFile; fileRef = 0312046CAA8AF963490119E4 /* NetworkResponseDecoder.swift */; };
		CE8DBF40A275A3A70D076FD0 /* BeersGridCoordinator.swift in Sources */ = {isa = PBXBuildFile; fileRef = F40FD5E93AFD021363A36AD5 /* BeersGridCoordinator.swift */; };
		D2FA0E969CEAE336E3FFED73 /* LaunchScreen.storyboard in Resources */ = {isa = PBXBuildFile; fileRef = 027DF9A9C5C088422C4E3A58 /* LaunchScreen.storyboard */; };
		D88499621867C410637B52A8 /* UIView+Observable.swift in Sources */ = {isa = PBXBuildFile; fileRef = D1094F0EC4502596663450B0 /* UIView+Observable.swift */; };
		DB06CC822F787EF362DA5C67 /* URLResponse+Extension.swift in Sources */ = {isa = PBXBuildFile; fileRef = 57BE3BE5AA1C7D52CA882CDD /* URLResponse+Extension.swift */; };
		DD3A9D1D98F916B48CE74584 /* RepositoryError.swift in Sources */ = {isa = PBXBuildFile; fileRef = 65AED050218F99AADCF04FF4 /* RepositoryError.swift */; };
		EB5C2CC87321DAF8DBADE9C3 /* Assets.xcassets in Resources */ = {isa = PBXBuildFile; fileRef = B39A6147CF1963823E0A62C9 /* Assets.xcassets */; };
		F5FE8633CAFFC793BF696279 /* NetworkImageRequest.swift in Sources */ = {isa = PBXBuildFile; fileRef = EA3C8741E3571E682BE88D3F /* NetworkImageRequest.swift */; };
		FAA0388CE95F722B7FC5A3B9 /* UIViewController+Extension.swift in Sources */ = {isa = PBXBuildFile; fileRef = 74416AB166E740407421CCAC /* UIViewController+Extension.swift */; };
/* End PBXBuildFile section */

/* Begin PBXContainerItemProxy section */
		6B7E4A4325B5E686009B7BE7 /* PBXContainerItemProxy */ = {
			isa = PBXContainerItemProxy;
			containerPortal = 3609E29BC723AB95D6850093 /* Project object */;
			proxyType = 1;
			remoteGlobalIDString = 06F0845CBC8EB5214DD8042E;
			remoteInfo = HiMumSaidDad;
		};
/* End PBXContainerItemProxy section */

/* Begin PBXFileReference section */
		027DF9A9C5C088422C4E3A58 /* LaunchScreen.storyboard */ = {isa = PBXFileReference; lastKnownFileType = file.storyboard; path = LaunchScreen.storyboard; sourceTree = "<group>"; };
		0312046CAA8AF963490119E4 /* NetworkResponseDecoder.swift */ = {isa = PBXFileReference; lastKnownFileType = sourcecode.swift; path = NetworkResponseDecoder.swift; sourceTree = "<group>"; };
		1035CE54303AC928AB813AFA /* Pods-HiMumSaidDad.release.xcconfig */ = {isa = PBXFileReference; includeInIndex = 1; lastKnownFileType = text.xcconfig; name = "Pods-HiMumSaidDad.release.xcconfig"; path = "Target Support Files/Pods-HiMumSaidDad/Pods-HiMumSaidDad.release.xcconfig"; sourceTree = "<group>"; };
		2B0948B9AC3F93C9A17AC4B9 /* Network.swift */ = {isa = PBXFileReference; lastKnownFileType = sourcecode.swift; path = Network.swift; sourceTree = "<group>"; };
		2C0DC267028477E0B133681B /* BeersRepository+Rx.swift */ = {isa = PBXFileReference; lastKnownFileType = sourcecode.swift; path = "BeersRepository+Rx.swift"; sourceTree = "<group>"; };
		2DDF110B99E4F3E8EDCB036F /* NetworkSession.swift */ = {isa = PBXFileReference; lastKnownFileType = sourcecode.swift; path = NetworkSession.swift; sourceTree = "<group>"; };
		3A3FEAB9F9BC38A521A9A968 /* NetworkRequestError.swift */ = {isa = PBXFileReference; lastKnownFileType = sourcecode.swift; path = NetworkRequestError.swift; sourceTree = "<group>"; };
		3C233A4DCA970A90118A790C /* NetworkSessionError.swift */ = {isa = PBXFileReference; lastKnownFileType = sourcecode.swift; path = NetworkSessionError.swift; sourceTree = "<group>"; };
		40FB5D246056012ACB4A7179 /* Observable+Extension.swift */ = {isa = PBXFileReference; lastKnownFileType = sourcecode.swift; path = "Observable+Extension.swift"; sourceTree = "<group>"; };
		498D1D2D819901B85B890918 /* NetworkRequest.swift */ = {isa = PBXFileReference; lastKnownFileType = sourcecode.swift; path = NetworkRequest.swift; sourceTree = "<group>"; };
		57BE3BE5AA1C7D52CA882CDD /* URLResponse+Extension.swift */ = {isa = PBXFileReference; lastKnownFileType = sourcecode.swift; path = "URLResponse+Extension.swift"; sourceTree = "<group>"; };
		5D53B833A23B14E7EA62A2A9 /* BeersRepository.swift */ = {isa = PBXFileReference; lastKnownFileType = sourcecode.swift; path = BeersRepository.swift; sourceTree = "<group>"; };
		5FE0B745FF8A6FB87D770D6C /* Pods_HiMumSaidDadTests.framework */ = {isa = PBXFileReference; explicitFileType = wrapper.framework; includeInIndex = 0; path = Pods_HiMumSaidDadTests.framework; sourceTree = BUILT_PRODUCTS_DIR; };
		65AED050218F99AADCF04FF4 /* RepositoryError.swift */ = {isa = PBXFileReference; lastKnownFileType = sourcecode.swift; path = RepositoryError.swift; sourceTree = "<group>"; };
		68B04D4B58679CF4CE339355 /* BeersResponseDecoder.swift */ = {isa = PBXFileReference; lastKnownFileType = sourcecode.swift; path = BeersResponseDecoder.swift; sourceTree = "<group>"; };
		6B7E4A2C25B5E327009B7BE7 /* HTTPMethodType.swift */ = {isa = PBXFileReference; fileEncoding = 4; lastKnownFileType = sourcecode.swift; path = HTTPMethodType.swift; sourceTree = "<group>"; };
		6B7E4A3025B5E383009B7BE7 /* Info.plist */ = {isa = PBXFileReference; fileEncoding = 4; lastKnownFileType = text.plist.xml; path = Info.plist; sourceTree = "<group>"; };
		6B7E4A3E25B5E686009B7BE7 /* HiMumSaidDadTests.xctest */ = {isa = PBXFileReference; explicitFileType = wrapper.cfbundle; includeInIndex = 0; path = HiMumSaidDadTests.xctest; sourceTree = BUILT_PRODUCTS_DIR; };
		6B7E4A7225B5E74A009B7BE7 /* MockRepository.swift */ = {isa = PBXFileReference; fileEncoding = 4; lastKnownFileType = sourcecode.swift; path = MockRepository.swift; sourceTree = "<group>"; };
		6B7E4A7325B5E74A009B7BE7 /* MockNetwork.swift */ = {isa = PBXFileReference; fileEncoding = 4; lastKnownFileType = sourcecode.swift; path = MockNetwork.swift; sourceTree = "<group>"; };
		6B7E4A7425B5E74A009B7BE7 /* MockError.swift */ = {isa = PBXFileReference; fileEncoding = 4; lastKnownFileType = sourcecode.swift; path = MockError.swift; sourceTree = "<group>"; };
		6B7E4A7525B5E74A009B7BE7 /* MockNetworkResponseDecoder.swift */ = {isa = PBXFileReference; fileEncoding = 4; lastKnownFileType = sourcecode.swift; path = MockNetworkResponseDecoder.swift; sourceTree = "<group>"; };
		6B7E4A7625B5E74A009B7BE7 /* MockDatabase.swift */ = {isa = PBXFileReference; fileEncoding = 4; lastKnownFileType = sourcecode.swift; path = MockDatabase.swift; sourceTree = "<group>"; };
		6B7E4A7725B5E74A009B7BE7 /* Beer+Extenstion.swift */ = {isa = PBXFileReference; fileEncoding = 4; lastKnownFileType = sourcecode.swift; path = "Beer+Extenstion.swift"; sourceTree = "<group>"; };
		6B7E4A7825B5E74A009B7BE7 /* MockNetworkImageRequest.swift */ = {isa = PBXFileReference; fileEncoding = 4; lastKnownFileType = sourcecode.swift; path = MockNetworkImageRequest.swift; sourceTree = "<group>"; };
		6B7E4A7925B5E74A009B7BE7 /* MockBeersGridViewModel.swift */ = {isa = PBXFileReference; fileEncoding = 4; lastKnownFileType = sourcecode.swift; path = MockBeersGridViewModel.swift; sourceTree = "<group>"; };
		6B7E4A7A25B5E74A009B7BE7 /* MockNetworkRequest.swift */ = {isa = PBXFileReference; fileEncoding = 4; lastKnownFileType = sourcecode.swift; path = MockNetworkRequest.swift; sourceTree = "<group>"; };
		6B7E4A8925B5E773009B7BE7 /* tick.jpg */ = {isa = PBXFileReference; lastKnownFileType = image.jpeg; path = tick.jpg; sourceTree = "<group>"; };
		6B7E4A8D25B5E773009B7BE7 /* beer-invalid.json */ = {isa = PBXFileReference; fileEncoding = 4; lastKnownFileType = text.json; path = "beer-invalid.json"; sourceTree = "<group>"; };
		6B7E4A8E25B5E773009B7BE7 /* beer-valid.json */ = {isa = PBXFileReference; fileEncoding = 4; lastKnownFileType = text.json; path = "beer-valid.json"; sourceTree = "<group>"; };
		6B7E4A8F25B5E773009B7BE7 /* Info.plist */ = {isa = PBXFileReference; fileEncoding = 4; lastKnownFileType = text.plist.xml; path = Info.plist; sourceTree = "<group>"; };
		6B7E4A9125B5E773009B7BE7 /* NetworkSessionTests.swift */ = {isa = PBXFileReference; fileEncoding = 4; lastKnownFileType = sourcecode.swift; path = NetworkSessionTests.swift; sourceTree = "<group>"; };
		6B7E4A9325B5E773009B7BE7 /* ImageRepositoryTests.swift */ = {isa = PBXFileReference; fileEncoding = 4; lastKnownFileType = sourcecode.swift; path = ImageRepositoryTests.swift; sourceTree = "<group>"; };
		6B7E4A9525B5E773009B7BE7 /* BeersRequestTests.swift */ = {isa = PBXFileReference; fileEncoding = 4; lastKnownFileType = sourcecode.swift; path = BeersRequestTests.swift; sourceTree = "<group>"; };
		6B7E4A9625B5E773009B7BE7 /* BeerTests.swift */ = {isa = PBXFileReference; fileEncoding = 4; lastKnownFileType = sourcecode.swift; path = BeerTests.swift; sourceTree = "<group>"; };
		6B7E4A9725B5E773009B7BE7 /* RepositoryTests.swift */ = {isa = PBXFileReference; fileEncoding = 4; lastKnownFileType = sourcecode.swift; path = RepositoryTests.swift; sourceTree = "<group>"; };
		6B7E4A9925B5E773009B7BE7 /* BeersGridViewModelTests.swift */ = {isa = PBXFileReference; fileEncoding = 4; lastKnownFileType = sourcecode.swift; path = BeersGridViewModelTests.swift; sourceTree = "<group>"; };
		6B7E4A9A25B5E773009B7BE7 /* BeersGridViewControllerTests.swift */ = {isa = PBXFileReference; fileEncoding = 4; lastKnownFileType = sourcecode.swift; path = BeersGridViewControllerTests.swift; sourceTree = "<group>"; };
		6B7E4A9C25B5E773009B7BE7 /* NSObject+SuperSession.swift */ = {isa = PBXFileReference; fileEncoding = 4; lastKnownFileType = sourcecode.swift; path = "NSObject+SuperSession.swift"; sourceTree = "<group>"; };
		6B7E4A9D25B5E773009B7BE7 /* SuperSession.swift */ = {isa = PBXFileReference; fileEncoding = 4; lastKnownFileType = sourcecode.swift; path = SuperSession.swift; sourceTree = "<group>"; };
		6B7E4A9E25B5E773009B7BE7 /* DataTask.swift */ = {isa = PBXFileReference; fileEncoding = 4; lastKnownFileType = sourcecode.swift; path = DataTask.swift; sourceTree = "<group>"; };
		6B7E4B1D25B64591009B7BE7 /* ImageRepository+Rx.swift */ = {isa = PBXFileReference; lastKnownFileType = sourcecode.swift; path = "ImageRepository+Rx.swift"; sourceTree = "<group>"; };
		7122287EF4070E7BA29131FA /* HiMumSaidDad.app */ = {isa = PBXFileReference; explicitFileType = wrapper.application; includeInIndex = 0; path = HiMumSaidDad.app; sourceTree = BUILT_PRODUCTS_DIR; };
		74416AB166E740407421CCAC /* UIViewController+Extension.swift */ = {isa = PBXFileReference; lastKnownFileType = sourcecode.swift; path = "UIViewController+Extension.swift"; sourceTree = "<group>"; };
		7B9DC2C211CCF79935E0E3E1 /* Pods-HiMumSaidDadTests.debug.xcconfig */ = {isa = PBXFileReference; includeInIndex = 1; lastKnownFileType = text.xcconfig; name = "Pods-HiMumSaidDadTests.debug.xcconfig"; path = "Target Support Files/Pods-HiMumSaidDadTests/Pods-HiMumSaidDadTests.debug.xcconfig"; sourceTree = "<group>"; };
		7DC61B8B392097C62AC2715E /* AppDelegate.swift */ = {isa = PBXFileReference; lastKnownFileType = sourcecode.swift; path = AppDelegate.swift; sourceTree = "<group>"; };
		82528A1D36001D731EB2E829 /* BeersRequest.swift */ = {isa = PBXFileReference; lastKnownFileType = sourcecode.swift; path = BeersRequest.swift; sourceTree = "<group>"; };
		895DF00D3B139A334CCF5DFD /* Beer.swift */ = {isa = PBXFileReference; lastKnownFileType = sourcecode.swift; path = Beer.swift; sourceTree = "<group>"; };
		89E1D87488C1F61064BF9728 /* Pods_HiMumSaidDad.framework */ = {isa = PBXFileReference; explicitFileType = wrapper.framework; includeInIndex = 0; path = Pods_HiMumSaidDad.framework; sourceTree = BUILT_PRODUCTS_DIR; };
		A94F384EF546349BEAFACDB0 /* Repository.swift */ = {isa = PBXFileReference; lastKnownFileType = sourcecode.swift; path = Repository.swift; sourceTree = "<group>"; };
		AB7BE60EA72F82F192C82ACC /* BeersGrid.storyboard */ = {isa = PBXFileReference; lastKnownFileType = file.storyboard; path = BeersGrid.storyboard; sourceTree = "<group>"; };
		ADF90CB5F6B638AC9E0AB71D /* BeersGridViewController.swift */ = {isa = PBXFileReference; lastKnownFileType = sourcecode.swift; path = BeersGridViewController.swift; sourceTree = "<group>"; };
		AF148F33DC02B7BF8B08E942 /* BeersGridViewModel.swift */ = {isa = PBXFileReference; lastKnownFileType = sourcecode.swift; path = BeersGridViewModel.swift; sourceTree = "<group>"; };
		B39A6147CF1963823E0A62C9 /* Assets.xcassets */ = {isa = PBXFileReference; lastKnownFileType = folder.assetcatalog; path = Assets.xcassets; sourceTree = "<group>"; };
		B9A68E61C285E57ADD5FD784 /* Pods-HiMumSaidDad.debug.xcconfig */ = {isa = PBXFileReference; includeInIndex = 1; lastKnownFileType = text.xcconfig; name = "Pods-HiMumSaidDad.debug.xcconfig"; path = "Target Support Files/Pods-HiMumSaidDad/Pods-HiMumSaidDad.debug.xcconfig"; sourceTree = "<group>"; };
		C12A1B02B94BC82553B7E591 /* ImageRepository.swift */ = {isa = PBXFileReference; lastKnownFileType = sourcecode.swift; path = ImageRepository.swift; sourceTree = "<group>"; };
		C786720486976C8163E2973B /* BeerGridCellViewModel.swift */ = {isa = PBXFileReference; lastKnownFileType = sourcecode.swift; path = BeerGridCellViewModel.swift; sourceTree = "<group>"; };
		D1094F0EC4502596663450B0 /* UIView+Observable.swift */ = {isa = PBXFileReference; lastKnownFileType = sourcecode.swift; path = "UIView+Observable.swift"; sourceTree = "<group>"; };
		D5DAB51F1C47C944972C9DC4 /* CoordinatorFactory.swift */ = {isa = PBXFileReference; lastKnownFileType = sourcecode.swift; path = CoordinatorFactory.swift; sourceTree = "<group>"; };
		DC0758D9230DB814E36178A4 /* Pods-HiMumSaidDadTests.release.xcconfig */ = {isa = PBXFileReference; includeInIndex = 1; lastKnownFileType = text.xcconfig; name = "Pods-HiMumSaidDadTests.release.xcconfig"; path = "Target Support Files/Pods-HiMumSaidDadTests/Pods-HiMumSaidDadTests.release.xcconfig"; sourceTree = "<group>"; };
		E345CAA70BCD93A2498159BC /* BeerImageRequest.swift */ = {isa = PBXFileReference; lastKnownFileType = sourcecode.swift; path = BeerImageRequest.swift; sourceTree = "<group>"; };
		EA3C8741E3571E682BE88D3F /* NetworkImageRequest.swift */ = {isa = PBXFileReference; lastKnownFileType = sourcecode.swift; path = NetworkImageRequest.swift; sourceTree = "<group>"; };
		EDF53945969E02F884A62B44 /* BeersGridCollectionViewCell.swift */ = {isa = PBXFileReference; lastKnownFileType = sourcecode.swift; path = BeersGridCollectionViewCell.swift; sourceTree = "<group>"; };
		F018C7E33D6E76782FC4B67B /* Database.swift */ = {isa = PBXFileReference; lastKnownFileType = sourcecode.swift; path = Database.swift; sourceTree = "<group>"; };
		F40FD5E93AFD021363A36AD5 /* BeersGridCoordinator.swift */ = {isa = PBXFileReference; lastKnownFileType = sourcecode.swift; path = BeersGridCoordinator.swift; sourceTree = "<group>"; };
		F44364B86FDD4F11335E6F44 /* BeersGridHeaderViewModel.swift */ = {isa = PBXFileReference; lastKnownFileType = sourcecode.swift; path = BeersGridHeaderViewModel.swift; sourceTree = "<group>"; };
		F8F76A537F8B7139D8ADBC52 /* ActivityIndicator.swift */ = {isa = PBXFileReference; lastKnownFileType = sourcecode.swift; path = ActivityIndicator.swift; sourceTree = "<group>"; };
/* End PBXFileReference section */

/* Begin PBXFrameworksBuildPhase section */
		6B7E4A1325B5E1AE009B7BE7 /* Frameworks */ = {
			isa = PBXFrameworksBuildPhase;
			buildActionMask = 2147483647;
			files = (
				C080B30D86A0EF1C98508A83 /* Pods_HiMumSaidDad.framework in Frameworks */,
			);
			runOnlyForDeploymentPostprocessing = 0;
		};
		6B7E4A3B25B5E686009B7BE7 /* Frameworks */ = {
			isa = PBXFrameworksBuildPhase;
			buildActionMask = 2147483647;
			files = (
				97E3829CD4629E32C02CD753 /* Pods_HiMumSaidDadTests.framework in Frameworks */,
			);
			runOnlyForDeploymentPostprocessing = 0;
		};
/* End PBXFrameworksBuildPhase section */

/* Begin PBXGroup section */
		00334824CF8C73B6443195A4 /* HiMumSaidDad */ = {
			isa = PBXGroup;
			children = (
				873962991378786ACE462B14 /* App */,
				D605CCA6BE6E4689FDF06768 /* Scenes */,
				591B056C95DBE87583143EA8 /* Repostiroy */,
				49EBF59E9357A989DF030474 /* Database */,
				2DD5964598CFF7FA6789F8F5 /* Network */,
				526B9115BB3AFE41BBA866FA /* Extensions */,
				8EA68A250F2361EF2AEDB5CE /* Helpers */,
				428AD69742066CE41674BA54 /* Resources */,
			);
			path = HiMumSaidDad;
			sourceTree = "<group>";
		};
		07C8C8B733A65598E408FAED /* Images */ = {
			isa = PBXGroup;
			children = (
				C12A1B02B94BC82553B7E591 /* ImageRepository.swift */,
				6B7E4B1D25B64591009B7BE7 /* ImageRepository+Rx.swift */,
			);
			path = Images;
			sourceTree = "<group>";
		};
		21FDD30329C309D5E206D110 /* Products */ = {
			isa = PBXGroup;
			children = (
				7122287EF4070E7BA29131FA /* HiMumSaidDad.app */,
				6B7E4A3E25B5E686009B7BE7 /* HiMumSaidDadTests.xctest */,
			);
			name = Products;
			sourceTree = "<group>";
		};
		2DD5964598CFF7FA6789F8F5 /* Network */ = {
			isa = PBXGroup;
			children = (
				2B0948B9AC3F93C9A17AC4B9 /* Network.swift */,
				2DDF110B99E4F3E8EDCB036F /* NetworkSession.swift */,
				3C233A4DCA970A90118A790C /* NetworkSessionError.swift */,
				F861DEE5302FE70AE9C2D140 /* Requests */,
				8428B419CE2069548C3A67F2 /* Responses */,
			);
			path = Network;
			sourceTree = "<group>";
		};
		2E08B8C40828BB031529A52E /* NetworkImageRequest */ = {
			isa = PBXGroup;
			children = (
				EA3C8741E3571E682BE88D3F /* NetworkImageRequest.swift */,
			);
			path = NetworkImageRequest;
			sourceTree = "<group>";
		};
		3085A27240CB7242ACC0FF3D /* Beers */ = {
			isa = PBXGroup;
			children = (
				895DF00D3B139A334CCF5DFD /* Beer.swift */,
				5D53B833A23B14E7EA62A2A9 /* BeersRepository.swift */,
				2C0DC267028477E0B133681B /* BeersRepository+Rx.swift */,
			);
			path = Beers;
			sourceTree = "<group>";
		};
		3369E79618CAA1787796DD6B = {
			isa = PBXGroup;
			children = (
				00334824CF8C73B6443195A4 /* HiMumSaidDad */,
				6B7E4A3F25B5E686009B7BE7 /* HiMumSaidDadTests */,
				21FDD30329C309D5E206D110 /* Products */,
				6B7E4A1425B5E1B4009B7BE7 /* Frameworks */,
				87F8626243C501494FA2E838 /* Pods */,
			);
			sourceTree = "<group>";
		};
		428AD69742066CE41674BA54 /* Resources */ = {
			isa = PBXGroup;
			children = (
				B39A6147CF1963823E0A62C9 /* Assets.xcassets */,
				027DF9A9C5C088422C4E3A58 /* LaunchScreen.storyboard */,
				6B7E4A3025B5E383009B7BE7 /* Info.plist */,
			);
			path = Resources;
			sourceTree = "<group>";
		};
		49EBF59E9357A989DF030474 /* Database */ = {
			isa = PBXGroup;
			children = (
				F018C7E33D6E76782FC4B67B /* Database.swift */,
			);
			path = Database;
			sourceTree = "<group>";
		};
		526B9115BB3AFE41BBA866FA /* Extensions */ = {
			isa = PBXGroup;
			children = (
				40FB5D246056012ACB4A7179 /* Observable+Extension.swift */,
				D1094F0EC4502596663450B0 /* UIView+Observable.swift */,
				74416AB166E740407421CCAC /* UIViewController+Extension.swift */,
				57BE3BE5AA1C7D52CA882CDD /* URLResponse+Extension.swift */,
			);
			path = Extensions;
			sourceTree = "<group>";
		};
		591B056C95DBE87583143EA8 /* Repostiroy */ = {
			isa = PBXGroup;
			children = (
				A94F384EF546349BEAFACDB0 /* Repository.swift */,
				65AED050218F99AADCF04FF4 /* RepositoryError.swift */,
				3085A27240CB7242ACC0FF3D /* Beers */,
				07C8C8B733A65598E408FAED /* Images */,
			);
			path = Repostiroy;
			sourceTree = "<group>";
		};
		6B7E4A1425B5E1B4009B7BE7 /* Frameworks */ = {
			isa = PBXGroup;
			children = (
				89E1D87488C1F61064BF9728 /* Pods_HiMumSaidDad.framework */,
				5FE0B745FF8A6FB87D770D6C /* Pods_HiMumSaidDadTests.framework */,
			);
			name = Frameworks;
			sourceTree = "<group>";
		};
		6B7E4A3F25B5E686009B7BE7 /* HiMumSaidDadTests */ = {
			isa = PBXGroup;
			children = (
				6B7E4A7125B5E74A009B7BE7 /* Mocks */,
				6B7E4A9825B5E773009B7BE7 /* Scenes */,
				6B7E4A9025B5E773009B7BE7 /* Network */,
				6B7E4A9225B5E773009B7BE7 /* Repository */,
				6B7E4A8825B5E773009B7BE7 /* Resources */,
				6B7E4A9B25B5E773009B7BE7 /* Vendor */,
			);
			path = HiMumSaidDadTests;
			sourceTree = "<group>";
		};
		6B7E4A7125B5E74A009B7BE7 /* Mocks */ = {
			isa = PBXGroup;
			children = (
				6B7E4A7225B5E74A009B7BE7 /* MockRepository.swift */,
				6B7E4A7325B5E74A009B7BE7 /* MockNetwork.swift */,
				6B7E4A7425B5E74A009B7BE7 /* MockError.swift */,
				6B7E4A7525B5E74A009B7BE7 /* MockNetworkResponseDecoder.swift */,
				6B7E4A7625B5E74A009B7BE7 /* MockDatabase.swift */,
				6B7E4A7725B5E74A009B7BE7 /* Beer+Extenstion.swift */,
				6B7E4A7825B5E74A009B7BE7 /* MockNetworkImageRequest.swift */,
				6B7E4A7925B5E74A009B7BE7 /* MockBeersGridViewModel.swift */,
				6B7E4A7A25B5E74A009B7BE7 /* MockNetworkRequest.swift */,
			);
			path = Mocks;
			sourceTree = "<group>";
		};
		6B7E4A8825B5E773009B7BE7 /* Resources */ = {
			isa = PBXGroup;
			children = (
				6B7E4A8925B5E773009B7BE7 /* tick.jpg */,
				6B7E4A8E25B5E773009B7BE7 /* beer-valid.json */,
				6B7E4A8D25B5E773009B7BE7 /* beer-invalid.json */,
				6B7E4A8F25B5E773009B7BE7 /* Info.plist */,
			);
			path = Resources;
			sourceTree = "<group>";
		};
		6B7E4A9025B5E773009B7BE7 /* Network */ = {
			isa = PBXGroup;
			children = (
				6B7E4A9125B5E773009B7BE7 /* NetworkSessionTests.swift */,
			);
			path = Network;
			sourceTree = "<group>";
		};
		6B7E4A9225B5E773009B7BE7 /* Repository */ = {
			isa = PBXGroup;
			children = (
				6B7E4A9325B5E773009B7BE7 /* ImageRepositoryTests.swift */,
				6B7E4A9425B5E773009B7BE7 /* Beers */,
				6B7E4A9725B5E773009B7BE7 /* RepositoryTests.swift */,
			);
			path = Repository;
			sourceTree = "<group>";
		};
		6B7E4A9425B5E773009B7BE7 /* Beers */ = {
			isa = PBXGroup;
			children = (
				6B7E4A9525B5E773009B7BE7 /* BeersRequestTests.swift */,
				6B7E4A9625B5E773009B7BE7 /* BeerTests.swift */,
			);
			path = Beers;
			sourceTree = "<group>";
		};
		6B7E4A9825B5E773009B7BE7 /* Scenes */ = {
			isa = PBXGroup;
			children = (
				6B7E4ABE25B5E833009B7BE7 /* ViewController */,
				6B7E4ABD25B5E829009B7BE7 /* ViewModel */,
			);
			path = Scenes;
			sourceTree = "<group>";
		};
		6B7E4A9B25B5E773009B7BE7 /* Vendor */ = {
			isa = PBXGroup;
			children = (
				6B7E4A9C25B5E773009B7BE7 /* NSObject+SuperSession.swift */,
				6B7E4A9D25B5E773009B7BE7 /* SuperSession.swift */,
				6B7E4A9E25B5E773009B7BE7 /* DataTask.swift */,
			);
			path = Vendor;
			sourceTree = "<group>";
		};
		6B7E4ABD25B5E829009B7BE7 /* ViewModel */ = {
			isa = PBXGroup;
			children = (
				6B7E4A9925B5E773009B7BE7 /* BeersGridViewModelTests.swift */,
			);
			path = ViewModel;
			sourceTree = "<group>";
		};
		6B7E4ABE25B5E833009B7BE7 /* ViewController */ = {
			isa = PBXGroup;
			children = (
				6B7E4A9A25B5E773009B7BE7 /* BeersGridViewControllerTests.swift */,
			);
			path = ViewController;
			sourceTree = "<group>";
		};
		6E00205EE3706B19E818D4CE /* Coordinator */ = {
			isa = PBXGroup;
			children = (
				F40FD5E93AFD021363A36AD5 /* BeersGridCoordinator.swift */,
			);
			path = Coordinator;
			sourceTree = "<group>";
		};
		8428B419CE2069548C3A67F2 /* Responses */ = {
			isa = PBXGroup;
			children = (
				68B04D4B58679CF4CE339355 /* BeersResponseDecoder.swift */,
				0312046CAA8AF963490119E4 /* NetworkResponseDecoder.swift */,
			);
			path = Responses;
			sourceTree = "<group>";
		};
		85A93722B5CA4F67506191BE /* ViewModel */ = {
			isa = PBXGroup;
			children = (
				C786720486976C8163E2973B /* BeerGridCellViewModel.swift */,
				F44364B86FDD4F11335E6F44 /* BeersGridHeaderViewModel.swift */,
				AF148F33DC02B7BF8B08E942 /* BeersGridViewModel.swift */,
			);
			path = ViewModel;
			sourceTree = "<group>";
		};
		873962991378786ACE462B14 /* App */ = {
			isa = PBXGroup;
			children = (
				7DC61B8B392097C62AC2715E /* AppDelegate.swift */,
				D5DAB51F1C47C944972C9DC4 /* CoordinatorFactory.swift */,
			);
			path = App;
			sourceTree = "<group>";
		};
		87F8626243C501494FA2E838 /* Pods */ = {
			isa = PBXGroup;
			children = (
				B9A68E61C285E57ADD5FD784 /* Pods-HiMumSaidDad.debug.xcconfig */,
				1035CE54303AC928AB813AFA /* Pods-HiMumSaidDad.release.xcconfig */,
				7B9DC2C211CCF79935E0E3E1 /* Pods-HiMumSaidDadTests.debug.xcconfig */,
				DC0758D9230DB814E36178A4 /* Pods-HiMumSaidDadTests.release.xcconfig */,
			);
			path = Pods;
			sourceTree = "<group>";
		};
		8DAA660584035D3E897E8162 /* NetworkRequest */ = {
			isa = PBXGroup;
			children = (
				498D1D2D819901B85B890918 /* NetworkRequest.swift */,
				6B7E4A2C25B5E327009B7BE7 /* HTTPMethodType.swift */,
				3A3FEAB9F9BC38A521A9A968 /* NetworkRequestError.swift */,
			);
			path = NetworkRequest;
			sourceTree = "<group>";
		};
		8EA68A250F2361EF2AEDB5CE /* Helpers */ = {
			isa = PBXGroup;
			children = (
				F8F76A537F8B7139D8ADBC52 /* ActivityIndicator.swift */,
			);
			path = Helpers;
			sourceTree = "<group>";
		};
		92E7C1A36057DD5234619AF5 /* BeersGrid */ = {
			isa = PBXGroup;
			children = (
				6E00205EE3706B19E818D4CE /* Coordinator */,
				D79E70D7979F26AEBCBA62DC /* View */,
				85A93722B5CA4F67506191BE /* ViewModel */,
			);
			path = BeersGrid;
			sourceTree = "<group>";
		};
		D605CCA6BE6E4689FDF06768 /* Scenes */ = {
			isa = PBXGroup;
			children = (
				92E7C1A36057DD5234619AF5 /* BeersGrid */,
			);
			path = Scenes;
			sourceTree = "<group>";
		};
		D79E70D7979F26AEBCBA62DC /* View */ = {
			isa = PBXGroup;
			children = (
				AB7BE60EA72F82F192C82ACC /* BeersGrid.storyboard */,
				EDF53945969E02F884A62B44 /* BeersGridCollectionViewCell.swift */,
				ADF90CB5F6B638AC9E0AB71D /* BeersGridViewController.swift */,
			);
			path = View;
			sourceTree = "<group>";
		};
		F861DEE5302FE70AE9C2D140 /* Requests */ = {
			isa = PBXGroup;
			children = (
				E345CAA70BCD93A2498159BC /* BeerImageRequest.swift */,
				82528A1D36001D731EB2E829 /* BeersRequest.swift */,
				2E08B8C40828BB031529A52E /* NetworkImageRequest */,
				8DAA660584035D3E897E8162 /* NetworkRequest */,
			);
			path = Requests;
			sourceTree = "<group>";
		};
/* End PBXGroup section */

/* Begin PBXNativeTarget section */
		06F0845CBC8EB5214DD8042E /* HiMumSaidDad */ = {
			isa = PBXNativeTarget;
			buildConfigurationList = 8924AD0E3B2790EF31807134 /* Build configuration list for PBXNativeTarget "HiMumSaidDad" */;
			buildPhases = (
				E8281CB5DB1DDDFA525F8AF3 /* [CP] Check Pods Manifest.lock */,
				E0765620BD9D8B27219FF063 /* Sources */,
				6B7E4A1325B5E1AE009B7BE7 /* Frameworks */,
				1CDA727B86832AC14A57C94B /* Resources */,
				47C50368BD3C599E73E46CF3 /* [CP] Embed Pods Frameworks */,
			);
			buildRules = (
			);
			dependencies = (
			);
			name = HiMumSaidDad;
			productName = HiMumSaidDad;
			productReference = 7122287EF4070E7BA29131FA /* HiMumSaidDad.app */;
			productType = "com.apple.product-type.application";
		};
		6B7E4A3D25B5E686009B7BE7 /* HiMumSaidDadTests */ = {
			isa = PBXNativeTarget;
			buildConfigurationList = 6B7E4A4525B5E686009B7BE7 /* Build configuration list for PBXNativeTarget "HiMumSaidDadTests" */;
			buildPhases = (
				120C74C0E368C15D205DA69C /* [CP] Check Pods Manifest.lock */,
				6B7E4A3A25B5E686009B7BE7 /* Sources */,
				6B7E4A3B25B5E686009B7BE7 /* Frameworks */,
				6B7E4A3C25B5E686009B7BE7 /* Resources */,
				6DCE8862FF1CF6D8C4AE85CC /* [CP] Embed Pods Frameworks */,
			);
			buildRules = (
			);
			dependencies = (
				6B7E4A4425B5E686009B7BE7 /* PBXTargetDependency */,
			);
			name = HiMumSaidDadTests;
			productName = HiMumSaidDadTests;
			productReference = 6B7E4A3E25B5E686009B7BE7 /* HiMumSaidDadTests.xctest */;
			productType = "com.apple.product-type.bundle.unit-test";
		};
/* End PBXNativeTarget section */

/* Begin PBXProject section */
		3609E29BC723AB95D6850093 /* Project object */ = {
			isa = PBXProject;
			attributes = {
				LastSwiftUpdateCheck = 1220;
				LastUpgradeCheck = 1220;
				TargetAttributes = {
					6B7E4A3D25B5E686009B7BE7 = {
						CreatedOnToolsVersion = 12.2;
						LastSwiftMigration = 1220;
						TestTargetID = 06F0845CBC8EB5214DD8042E;
					};
				};
			};
			buildConfigurationList = 4EA0B8ABBA0C8A15074DF938 /* Build configuration list for PBXProject "HiMumSaidDad" */;
			compatibilityVersion = "Xcode 10.0";
			developmentRegion = en;
			hasScannedForEncodings = 0;
			knownRegions = (
				en,
				Base,
			);
			mainGroup = 3369E79618CAA1787796DD6B;
			productRefGroup = 21FDD30329C309D5E206D110 /* Products */;
			projectDirPath = "";
			projectRoot = "";
			targets = (
				06F0845CBC8EB5214DD8042E /* HiMumSaidDad */,
				6B7E4A3D25B5E686009B7BE7 /* HiMumSaidDadTests */,
			);
		};
/* End PBXProject section */

/* Begin PBXResourcesBuildPhase section */
		1CDA727B86832AC14A57C94B /* Resources */ = {
			isa = PBXResourcesBuildPhase;
			buildActionMask = 2147483647;
			files = (
				EB5C2CC87321DAF8DBADE9C3 /* Assets.xcassets in Resources */,
				7E4D1FDF224DAB2EF625F436 /* BeersGrid.storyboard in Resources */,
				D2FA0E969CEAE336E3FFED73 /* LaunchScreen.storyboard in Resources */,
			);
			runOnlyForDeploymentPostprocessing = 0;
		};
		6B7E4A3C25B5E686009B7BE7 /* Resources */ = {
			isa = PBXResourcesBuildPhase;
			buildActionMask = 2147483647;
			files = (
				6B7E4AA325B5E773009B7BE7 /* beer-valid.json in Resources */,
				6B7E4A9F25B5E773009B7BE7 /* tick.jpg in Resources */,
				6B7E4AA225B5E773009B7BE7 /* beer-invalid.json in Resources */,
			);
			runOnlyForDeploymentPostprocessing = 0;
		};
/* End PBXResourcesBuildPhase section */

/* Begin PBXShellScriptBuildPhase section */
		120C74C0E368C15D205DA69C /* [CP] Check Pods Manifest.lock */ = {
			isa = PBXShellScriptBuildPhase;
			buildActionMask = 2147483647;
			files = (
			);
			inputFileListPaths = (
			);
			inputPaths = (
				"${PODS_PODFILE_DIR_PATH}/Podfile.lock",
				"${PODS_ROOT}/Manifest.lock",
			);
			name = "[CP] Check Pods Manifest.lock";
			outputFileListPaths = (
			);
			outputPaths = (
				"$(DERIVED_FILE_DIR)/Pods-HiMumSaidDadTests-checkManifestLockResult.txt",
			);
			runOnlyForDeploymentPostprocessing = 0;
			shellPath = /bin/sh;
			shellScript = "diff \"${PODS_PODFILE_DIR_PATH}/Podfile.lock\" \"${PODS_ROOT}/Manifest.lock\" > /dev/null\nif [ $? != 0 ] ; then\n    # print error to STDERR\n    echo \"error: The sandbox is not in sync with the Podfile.lock. Run 'pod install' or update your CocoaPods installation.\" >&2\n    exit 1\nfi\n# This output is used by Xcode 'outputs' to avoid re-running this script phase.\necho \"SUCCESS\" > \"${SCRIPT_OUTPUT_FILE_0}\"\n";
			showEnvVarsInLog = 0;
		};
		47C50368BD3C599E73E46CF3 /* [CP] Embed Pods Frameworks */ = {
			isa = PBXShellScriptBuildPhase;
			buildActionMask = 2147483647;
			files = (
			);
			inputFileListPaths = (
				"${PODS_ROOT}/Target Support Files/Pods-HiMumSaidDad/Pods-HiMumSaidDad-frameworks-${CONFIGURATION}-input-files.xcfilelist",
			);
			name = "[CP] Embed Pods Frameworks";
			outputFileListPaths = (
				"${PODS_ROOT}/Target Support Files/Pods-HiMumSaidDad/Pods-HiMumSaidDad-frameworks-${CONFIGURATION}-output-files.xcfilelist",
			);
			runOnlyForDeploymentPostprocessing = 0;
			shellPath = /bin/sh;
			shellScript = "\"${PODS_ROOT}/Target Support Files/Pods-HiMumSaidDad/Pods-HiMumSaidDad-frameworks.sh\"\n";
			showEnvVarsInLog = 0;
		};
		6DCE8862FF1CF6D8C4AE85CC /* [CP] Embed Pods Frameworks */ = {
			isa = PBXShellScriptBuildPhase;
			buildActionMask = 2147483647;
			files = (
			);
			inputFileListPaths = (
				"${PODS_ROOT}/Target Support Files/Pods-HiMumSaidDadTests/Pods-HiMumSaidDadTests-frameworks-${CONFIGURATION}-input-files.xcfilelist",
			);
			name = "[CP] Embed Pods Frameworks";
			outputFileListPaths = (
				"${PODS_ROOT}/Target Support Files/Pods-HiMumSaidDadTests/Pods-HiMumSaidDadTests-frameworks-${CONFIGURATION}-output-files.xcfilelist",
			);
			runOnlyForDeploymentPostprocessing = 0;
			shellPath = /bin/sh;
			shellScript = "\"${PODS_ROOT}/Target Support Files/Pods-HiMumSaidDadTests/Pods-HiMumSaidDadTests-frameworks.sh\"\n";
			showEnvVarsInLog = 0;
		};
		E8281CB5DB1DDDFA525F8AF3 /* [CP] Check Pods Manifest.lock */ = {
			isa = PBXShellScriptBuildPhase;
			buildActionMask = 2147483647;
			files = (
			);
			inputFileListPaths = (
			);
			inputPaths = (
				"${PODS_PODFILE_DIR_PATH}/Podfile.lock",
				"${PODS_ROOT}/Manifest.lock",
			);
			name = "[CP] Check Pods Manifest.lock";
			outputFileListPaths = (
			);
			outputPaths = (
				"$(DERIVED_FILE_DIR)/Pods-HiMumSaidDad-checkManifestLockResult.txt",
			);
			runOnlyForDeploymentPostprocessing = 0;
			shellPath = /bin/sh;
			shellScript = "diff \"${PODS_PODFILE_DIR_PATH}/Podfile.lock\" \"${PODS_ROOT}/Manifest.lock\" > /dev/null\nif [ $? != 0 ] ; then\n    # print error to STDERR\n    echo \"error: The sandbox is not in sync with the Podfile.lock. Run 'pod install' or update your CocoaPods installation.\" >&2\n    exit 1\nfi\n# This output is used by Xcode 'outputs' to avoid re-running this script phase.\necho \"SUCCESS\" > \"${SCRIPT_OUTPUT_FILE_0}\"\n";
			showEnvVarsInLog = 0;
		};
/* End PBXShellScriptBuildPhase section */

/* Begin PBXSourcesBuildPhase section */
		6B7E4A3A25B5E686009B7BE7 /* Sources */ = {
			isa = PBXSourcesBuildPhase;
			buildActionMask = 2147483647;
			files = (
				6B7E4A8125B5E74A009B7BE7 /* MockNetworkImageRequest.swift in Sources */,
				6B7E4AAC25B5E773009B7BE7 /* NSObject+SuperSession.swift in Sources */,
				6B7E4AA725B5E773009B7BE7 /* BeersRequestTests.swift in Sources */,
				6B7E4AA525B5E773009B7BE7 /* NetworkSessionTests.swift in Sources */,
				6B7E4AA925B5E773009B7BE7 /* RepositoryTests.swift in Sources */,
				6B7E4AAB25B5E773009B7BE7 /* BeersGridViewControllerTests.swift in Sources */,
				6B7E4A7F25B5E74A009B7BE7 /* MockDatabase.swift in Sources */,
				6B7E4A8325B5E74A009B7BE7 /* MockNetworkRequest.swift in Sources */,
				6B7E4A7E25B5E74A009B7BE7 /* MockNetworkResponseDecoder.swift in Sources */,
				6B7E4AAE25B5E773009B7BE7 /* DataTask.swift in Sources */,
				6B7E4AA625B5E773009B7BE7 /* ImageRepositoryTests.swift in Sources */,
				6B7E4AA825B5E773009B7BE7 /* BeerTests.swift in Sources */,
				6B7E4AAA25B5E773009B7BE7 /* BeersGridViewModelTests.swift in Sources */,
				6B7E4AAD25B5E773009B7BE7 /* SuperSession.swift in Sources */,
				6B7E4A8025B5E74A009B7BE7 /* Beer+Extenstion.swift in Sources */,
				6B7E4A8225B5E74A009B7BE7 /* MockBeersGridViewModel.swift in Sources */,
				6B7E4A7C25B5E74A009B7BE7 /* MockNetwork.swift in Sources */,
				6B7E4A7D25B5E74A009B7BE7 /* MockError.swift in Sources */,
				6B7E4A7B25B5E74A009B7BE7 /* MockRepository.swift in Sources */,
			);
			runOnlyForDeploymentPostprocessing = 0;
		};
		E0765620BD9D8B27219FF063 /* Sources */ = {
			isa = PBXSourcesBuildPhase;
			buildActionMask = 2147483647;
			files = (
				40D4D2A0F14903C5A3314954 /* AppDelegate.swift in Sources */,
				54EDE29BCD57A596545A31DC /* Beer.swift in Sources */,
				2614B6FF884D1EE9CD8E7963 /* BeerGridCellViewModel.swift in Sources */,
				53AF5EC2D0C50920888F7024 /* BeerImageRequest.swift in Sources */,
				3CA76086E7F71291358A0225 /* BeersGridCollectionViewCell.swift in Sources */,
				CE8DBF40A275A3A70D076FD0 /* BeersGridCoordinator.swift in Sources */,
				2617DD8FD54B76E9010ED44F /* BeersGridHeaderViewModel.swift in Sources */,
				6CDCCB7BAD5384CAE9CF9213 /* BeersGridViewController.swift in Sources */,
				5B19AAD0324FAC40455D83F0 /* BeersGridViewModel.swift in Sources */,
				4BB06BBAE193DC332440CA36 /* BeersRepository+Rx.swift in Sources */,
				A9F09D2CF2ECC508E3590520 /* BeersRepository.swift in Sources */,
				6B7E4B1E25B64591009B7BE7 /* ImageRepository+Rx.swift in Sources */,
				67D6AE5AB86026CBE1D2B77E /* BeersRequest.swift in Sources */,
				0D7900CA23B0C19043113A87 /* BeersResponseDecoder.swift in Sources */,
				800758D91DBD5300FD46166A /* CoordinatorFactory.swift in Sources */,
				B5ED260D20B09D13315742DE /* Database.swift in Sources */,
				89057232B760E92CB5A08E81 /* ImageRepository.swift in Sources */,
				6D16355C6294BC822C071C5A /* Network.swift in Sources */,
				F5FE8633CAFFC793BF696279 /* NetworkImageRequest.swift in Sources */,
				6B7E4A2D25B5E327009B7BE7 /* HTTPMethodType.swift in Sources */,
				3208069F7BDD4B1FD6D92C89 /* NetworkRequest.swift in Sources */,
				878D6D97DF2F42C6A3FE1E75 /* NetworkRequestError.swift in Sources */,
				C8A6A999FC307BDB125A2117 /* NetworkResponseDecoder.swift in Sources */,
				07CAD504A77026CD2FBB648E /* NetworkSession.swift in Sources */,
				4E421654EAA1C36BF873057A /* NetworkSessionError.swift in Sources */,
				9146E790F224AC2C96B8FD7F /* Observable+Extension.swift in Sources */,
				6B7E4A1125B5DBA6009B7BE7 /* ActivityIndicator.swift in Sources */,
				46C490FBAACA56995FD4B732 /* Repository.swift in Sources */,
				DD3A9D1D98F916B48CE74584 /* RepositoryError.swift in Sources */,
				D88499621867C410637B52A8 /* UIView+Observable.swift in Sources */,
				FAA0388CE95F722B7FC5A3B9 /* UIViewController+Extension.swift in Sources */,
				DB06CC822F787EF362DA5C67 /* URLResponse+Extension.swift in Sources */,
			);
			runOnlyForDeploymentPostprocessing = 0;
		};
/* End PBXSourcesBuildPhase section */

/* Begin PBXTargetDependency section */
		6B7E4A4425B5E686009B7BE7 /* PBXTargetDependency */ = {
			isa = PBXTargetDependency;
			target = 06F0845CBC8EB5214DD8042E /* HiMumSaidDad */;
			targetProxy = 6B7E4A4325B5E686009B7BE7 /* PBXContainerItemProxy */;
		};
/* End PBXTargetDependency section */

/* Begin XCBuildConfiguration section */
		219854E55A9C044C6954C6D4 /* Release */ = {
			isa = XCBuildConfiguration;
			baseConfigurationReference = 1035CE54303AC928AB813AFA /* Pods-HiMumSaidDad.release.xcconfig */;
			buildSettings = {
				ASSETCATALOG_COMPILER_APPICON_NAME = AppIcon;
				CODE_SIGN_IDENTITY = "iPhone Developer";
				ENABLE_TESTING_SEARCH_PATHS = YES;
				INFOPLIST_FILE = HiMumSaidDad/Resources/Info.plist;
				IPHONEOS_DEPLOYMENT_TARGET = 12.0;
				LD_RUNPATH_SEARCH_PATHS = (
					"$(inherited)",
					"@executable_path/Frameworks",
				);
				PRODUCT_BUNDLE_IDENTIFIER = com.harmeetsingh.HiMumSaidDad;
				SDKROOT = iphoneos;
				TARGETED_DEVICE_FAMILY = "1,2";
			};
			name = Release;
		};
		3F93E28171CD3F539077B39D /* Debug */ = {
			isa = XCBuildConfiguration;
			baseConfigurationReference = B9A68E61C285E57ADD5FD784 /* Pods-HiMumSaidDad.debug.xcconfig */;
			buildSettings = {
				ASSETCATALOG_COMPILER_APPICON_NAME = AppIcon;
				CODE_SIGN_IDENTITY = "iPhone Developer";
				ENABLE_TESTING_SEARCH_PATHS = YES;
				INFOPLIST_FILE = HiMumSaidDad/Resources/Info.plist;
				IPHONEOS_DEPLOYMENT_TARGET = 12.0;
				LD_RUNPATH_SEARCH_PATHS = (
					"$(inherited)",
					"@executable_path/Frameworks",
				);
				PRODUCT_BUNDLE_IDENTIFIER = com.harmeetsingh.HiMumSaidDad;
				SDKROOT = iphoneos;
				TARGETED_DEVICE_FAMILY = "1,2";
			};
			name = Debug;
		};
		6B7E4A4625B5E686009B7BE7 /* Debug */ = {
			isa = XCBuildConfiguration;
			baseConfigurationReference = 7B9DC2C211CCF79935E0E3E1 /* Pods-HiMumSaidDadTests.debug.xcconfig */;
			buildSettings = {
				BUNDLE_LOADER = "$(TEST_HOST)";
				CLANG_ENABLE_MODULES = YES;
				CLANG_ENABLE_OBJC_WEAK = YES;
				CODE_SIGN_STYLE = Automatic;
				DEVELOPMENT_TEAM = 79Z9E2DVWP;
				GCC_PREPROCESSOR_DEFINITIONS = (
					"DEBUG=1",
					"$(inherited)",
				);
				INFOPLIST_FILE = HiMumSaidDadTests/Resources/Info.plist;
				IPHONEOS_DEPLOYMENT_TARGET = 14.2;
				LD_RUNPATH_SEARCH_PATHS = (
					"$(inherited)",
					"@executable_path/Frameworks",
					"@loader_path/Frameworks",
				);
				MTL_ENABLE_DEBUG_INFO = INCLUDE_SOURCE;
				MTL_FAST_MATH = YES;
				PRODUCT_BUNDLE_IDENTIFIER = com.harmeetsingh.HiMumSaidDadTests;
				PRODUCT_NAME = "$(TARGET_NAME)";
				SWIFT_OPTIMIZATION_LEVEL = "-Onone";
				SWIFT_VERSION = 5.0;
				TARGETED_DEVICE_FAMILY = "1,2";
				TEST_HOST = "$(BUILT_PRODUCTS_DIR)/HiMumSaidDad.app/HiMumSaidDad";
			};
			name = Debug;
		};
		6B7E4A4725B5E686009B7BE7 /* Release */ = {
			isa = XCBuildConfiguration;
			baseConfigurationReference = DC0758D9230DB814E36178A4 /* Pods-HiMumSaidDadTests.release.xcconfig */;
			buildSettings = {
				BUNDLE_LOADER = "$(TEST_HOST)";
				CLANG_ENABLE_MODULES = YES;
				CLANG_ENABLE_OBJC_WEAK = YES;
				CODE_SIGN_STYLE = Automatic;
				DEVELOPMENT_TEAM = 79Z9E2DVWP;
				INFOPLIST_FILE = HiMumSaidDadTests/Resources/Info.plist;
				IPHONEOS_DEPLOYMENT_TARGET = 14.2;
				LD_RUNPATH_SEARCH_PATHS = (
					"$(inherited)",
					"@executable_path/Frameworks",
					"@loader_path/Frameworks",
				);
				MTL_ENABLE_DEBUG_INFO = NO;
				MTL_FAST_MATH = YES;
				PRODUCT_BUNDLE_IDENTIFIER = com.harmeetsingh.HiMumSaidDadTests;
				PRODUCT_NAME = "$(TARGET_NAME)";
				SWIFT_OPTIMIZATION_LEVEL = "-O";
				SWIFT_VERSION = 5.0;
				TARGETED_DEVICE_FAMILY = "1,2";
				TEST_HOST = "$(BUILT_PRODUCTS_DIR)/HiMumSaidDad.app/HiMumSaidDad";
			};
			name = Release;
		};
		71E9B72CFC9A4268CA23FA72 /* Release */ = {
			isa = XCBuildConfiguration;
			buildSettings = {
				ALWAYS_SEARCH_USER_PATHS = NO;
				CLANG_ANALYZER_NONNULL = YES;
				CLANG_ANALYZER_NUMBER_OBJECT_CONVERSION = YES_AGGRESSIVE;
				CLANG_CXX_LANGUAGE_STANDARD = "gnu++14";
				CLANG_CXX_LIBRARY = "libc++";
				CLANG_ENABLE_MODULES = YES;
				CLANG_ENABLE_OBJC_ARC = YES;
				CLANG_WARN_BLOCK_CAPTURE_AUTORELEASING = YES;
				CLANG_WARN_BOOL_CONVERSION = YES;
				CLANG_WARN_COMMA = YES;
				CLANG_WARN_CONSTANT_CONVERSION = YES;
				CLANG_WARN_DEPRECATED_OBJC_IMPLEMENTATIONS = YES;
				CLANG_WARN_DIRECT_OBJC_ISA_USAGE = YES_ERROR;
				CLANG_WARN_DOCUMENTATION_COMMENTS = YES;
				CLANG_WARN_EMPTY_BODY = YES;
				CLANG_WARN_ENUM_CONVERSION = YES;
				CLANG_WARN_INFINITE_RECURSION = YES;
				CLANG_WARN_INT_CONVERSION = YES;
				CLANG_WARN_NON_LITERAL_NULL_CONVERSION = YES;
				CLANG_WARN_OBJC_IMPLICIT_RETAIN_SELF = YES;
				CLANG_WARN_OBJC_LITERAL_CONVERSION = YES;
				CLANG_WARN_OBJC_ROOT_CLASS = YES_ERROR;
				CLANG_WARN_QUOTED_INCLUDE_IN_FRAMEWORK_HEADER = YES;
				CLANG_WARN_RANGE_LOOP_ANALYSIS = YES;
				CLANG_WARN_STRICT_PROTOTYPES = YES;
				CLANG_WARN_SUSPICIOUS_MOVE = YES;
				CLANG_WARN_UNGUARDED_AVAILABILITY = YES_AGGRESSIVE;
				CLANG_WARN_UNREACHABLE_CODE = YES;
				CLANG_WARN__DUPLICATE_METHOD_MATCH = YES;
				COPY_PHASE_STRIP = NO;
				DEBUG_INFORMATION_FORMAT = "dwarf-with-dsym";
				ENABLE_NS_ASSERTIONS = NO;
				ENABLE_STRICT_OBJC_MSGSEND = YES;
				ENABLE_TESTING_SEARCH_PATHS = YES;
				GCC_C_LANGUAGE_STANDARD = gnu11;
				GCC_NO_COMMON_BLOCKS = YES;
				GCC_WARN_64_TO_32_BIT_CONVERSION = YES;
				GCC_WARN_ABOUT_RETURN_TYPE = YES_ERROR;
				GCC_WARN_UNDECLARED_SELECTOR = YES;
				GCC_WARN_UNINITIALIZED_AUTOS = YES_AGGRESSIVE;
				GCC_WARN_UNUSED_FUNCTION = YES;
				GCC_WARN_UNUSED_VARIABLE = YES;
				PRODUCT_NAME = "$(TARGET_NAME)";
				SDKROOT = iphoneos;
				SWIFT_COMPILATION_MODE = wholemodule;
				SWIFT_VERSION = 5.0;
				VALIDATE_PRODUCT = YES;
			};
			name = Release;
		};
		FC69335DC58863BC13359177 /* Debug */ = {
			isa = XCBuildConfiguration;
			buildSettings = {
				ALWAYS_SEARCH_USER_PATHS = NO;
				CLANG_ANALYZER_NONNULL = YES;
				CLANG_ANALYZER_NUMBER_OBJECT_CONVERSION = YES_AGGRESSIVE;
				CLANG_CXX_LANGUAGE_STANDARD = "gnu++14";
				CLANG_CXX_LIBRARY = "libc++";
				CLANG_ENABLE_MODULES = YES;
				CLANG_ENABLE_OBJC_ARC = YES;
				CLANG_WARN_BLOCK_CAPTURE_AUTORELEASING = YES;
				CLANG_WARN_BOOL_CONVERSION = YES;
				CLANG_WARN_COMMA = YES;
				CLANG_WARN_CONSTANT_CONVERSION = YES;
				CLANG_WARN_DEPRECATED_OBJC_IMPLEMENTATIONS = YES;
				CLANG_WARN_DIRECT_OBJC_ISA_USAGE = YES_ERROR;
				CLANG_WARN_DOCUMENTATION_COMMENTS = YES;
				CLANG_WARN_EMPTY_BODY = YES;
				CLANG_WARN_ENUM_CONVERSION = YES;
				CLANG_WARN_INFINITE_RECURSION = YES;
				CLANG_WARN_INT_CONVERSION = YES;
				CLANG_WARN_NON_LITERAL_NULL_CONVERSION = YES;
				CLANG_WARN_OBJC_IMPLICIT_RETAIN_SELF = YES;
				CLANG_WARN_OBJC_LITERAL_CONVERSION = YES;
				CLANG_WARN_OBJC_ROOT_CLASS = YES_ERROR;
				CLANG_WARN_QUOTED_INCLUDE_IN_FRAMEWORK_HEADER = YES;
				CLANG_WARN_RANGE_LOOP_ANALYSIS = YES;
				CLANG_WARN_STRICT_PROTOTYPES = YES;
				CLANG_WARN_SUSPICIOUS_MOVE = YES;
				CLANG_WARN_UNGUARDED_AVAILABILITY = YES_AGGRESSIVE;
				CLANG_WARN_UNREACHABLE_CODE = YES;
				CLANG_WARN__DUPLICATE_METHOD_MATCH = YES;
				COPY_PHASE_STRIP = NO;
				DEBUG_INFORMATION_FORMAT = dwarf;
				ENABLE_STRICT_OBJC_MSGSEND = YES;
				ENABLE_TESTABILITY = YES;
				ENABLE_TESTING_SEARCH_PATHS = YES;
				GCC_C_LANGUAGE_STANDARD = gnu11;
				GCC_DYNAMIC_NO_PIC = NO;
				GCC_NO_COMMON_BLOCKS = YES;
				GCC_OPTIMIZATION_LEVEL = 0;
				GCC_PREPROCESSOR_DEFINITIONS = (
					"$(inherited)",
					"DEBUG=1",
				);
				GCC_WARN_64_TO_32_BIT_CONVERSION = YES;
				GCC_WARN_ABOUT_RETURN_TYPE = YES_ERROR;
				GCC_WARN_UNDECLARED_SELECTOR = YES;
				GCC_WARN_UNINITIALIZED_AUTOS = YES_AGGRESSIVE;
				GCC_WARN_UNUSED_FUNCTION = YES;
				GCC_WARN_UNUSED_VARIABLE = YES;
				MTL_ENABLE_DEBUG_INFO = YES;
				ONLY_ACTIVE_ARCH = YES;
				PRODUCT_NAME = "$(TARGET_NAME)";
				SDKROOT = iphoneos;
				SWIFT_ACTIVE_COMPILATION_CONDITIONS = DEBUG;
				SWIFT_OPTIMIZATION_LEVEL = "-Onone";
				SWIFT_VERSION = 5.0;
			};
			name = Debug;
		};
/* End XCBuildConfiguration section */

/* Begin XCConfigurationList section */
		4EA0B8ABBA0C8A15074DF938 /* Build configuration list for PBXProject "HiMumSaidDad" */ = {
			isa = XCConfigurationList;
			buildConfigurations = (
				FC69335DC58863BC13359177 /* Debug */,
				71E9B72CFC9A4268CA23FA72 /* Release */,
			);
			defaultConfigurationIsVisible = 0;
			defaultConfigurationName = Debug;
		};
		6B7E4A4525B5E686009B7BE7 /* Build configuration list for PBXNativeTarget "HiMumSaidDadTests" */ = {
			isa = XCConfigurationList;
			buildConfigurations = (
				6B7E4A4625B5E686009B7BE7 /* Debug */,
				6B7E4A4725B5E686009B7BE7 /* Release */,
			);
			defaultConfigurationIsVisible = 0;
			defaultConfigurationName = Debug;
		};
		8924AD0E3B2790EF31807134 /* Build configuration list for PBXNativeTarget "HiMumSaidDad" */ = {
			isa = XCConfigurationList;
			buildConfigurations = (
				3F93E28171CD3F539077B39D /* Debug */,
				219854E55A9C044C6954C6D4 /* Release */,
			);
			defaultConfigurationIsVisible = 0;
			defaultConfigurationName = Debug;
		};
/* End XCConfigurationList section */
	};
	rootObject = 3609E29BC723AB95D6850093 /* Project object */;
}
