// !$*UTF8*$!
{
	archiveVersion = 1;
	classes = {
	};
	objectVersion = 50;
	objects = {

/* Begin PBXBuildFile section */
		6B98DF192362F9FB0021E75E /* AppDelegate.swift in Sources */ = {isa = PBXBuildFile; fileRef = 6B98DF182362F9FB0021E75E /* AppDelegate.swift */; };
		6B98DF1D2362F9FC0021E75E /* BeersListViewController.swift in Sources */ = {isa = PBXBuildFile; fileRef = 6B98DF1C2362F9FC0021E75E /* BeersListViewController.swift */; };
		6B98DF222362F9FE0021E75E /* Assets.xcassets in Resources */ = {isa = PBXBuildFile; fileRef = 6B98DF212362F9FE0021E75E /* Assets.xcassets */; };
		6B98DF372362FB8A0021E75E /* LaunchScreen.storyboard in Resources */ = {isa = PBXBuildFile; fileRef = 6B98DF362362FB8A0021E75E /* LaunchScreen.storyboard */; };
		6B98DF392362FB8E0021E75E /* BeersList.storyboard in Resources */ = {isa = PBXBuildFile; fileRef = 6B98DF382362FB8E0021E75E /* BeersList.storyboard */; };
		6B98DF472362FEEE0021E75E /* RxSwift.framework in Frameworks */ = {isa = PBXBuildFile; fileRef = 6B98DF3F2362FDEB0021E75E /* RxSwift.framework */; };
		6B98DF482362FEEE0021E75E /* RxCocoa.framework in Frameworks */ = {isa = PBXBuildFile; fileRef = 6B98DF3C2362FDEB0021E75E /* RxCocoa.framework */; };
		6B98DF492362FEEE0021E75E /* RxRelay.framework in Frameworks */ = {isa = PBXBuildFile; fileRef = 6B98DF3B2362FDEB0021E75E /* RxRelay.framework */; };
		6B98DF4B236301EE0021E75E /* CoordinatorFactory.swift in Sources */ = {isa = PBXBuildFile; fileRef = 6B98DF4A236301EE0021E75E /* CoordinatorFactory.swift */; };
		6B98DF53236302780021E75E /* UIViewController+Extension.swift in Sources */ = {isa = PBXBuildFile; fileRef = 6B98DF52236302780021E75E /* UIViewController+Extension.swift */; };
		6B98DF55236302900021E75E /* BeersListCoordinator.swift in Sources */ = {isa = PBXBuildFile; fileRef = 6B98DF54236302900021E75E /* BeersListCoordinator.swift */; };
		6B98DF58236303050021E75E /* Beer.swift in Sources */ = {isa = PBXBuildFile; fileRef = 6B98DF57236303050021E75E /* Beer.swift */; };
		6B98DF7B236304AE0021E75E /* SceneDelegate.swift in Sources */ = {isa = PBXBuildFile; fileRef = 6B98DF7A236304AE0021E75E /* SceneDelegate.swift */; };
		6B98DF7D236305E10021E75E /* Repository.swift in Sources */ = {isa = PBXBuildFile; fileRef = 6B98DF7C236305E10021E75E /* Repository.swift */; };
		6B98DF7F2363060A0021E75E /* BeersRepository.swift in Sources */ = {isa = PBXBuildFile; fileRef = 6B98DF7E2363060A0021E75E /* BeersRepository.swift */; };
		6B98DF81236306290021E75E /* Network.swift in Sources */ = {isa = PBXBuildFile; fileRef = 6B98DF80236306290021E75E /* Network.swift */; };
		6B98DF84236306630021E75E /* Database.swift in Sources */ = {isa = PBXBuildFile; fileRef = 6B98DF83236306630021E75E /* Database.swift */; };
		6B98DF8C236307830021E75E /* HiMumSaidDadTests.swift in Sources */ = {isa = PBXBuildFile; fileRef = 6B98DF8B236307830021E75E /* HiMumSaidDadTests.swift */; };
		6B98DF95236307A70021E75E /* BeersRepositoryTests.swift in Sources */ = {isa = PBXBuildFile; fileRef = 6B98DF94236307A70021E75E /* BeersRepositoryTests.swift */; };
		6B98DF98236307C40021E75E /* BeerTests.swift in Sources */ = {isa = PBXBuildFile; fileRef = 6B98DF97236307C40021E75E /* BeerTests.swift */; };
		6B98DF9B236308860021E75E /* beer-valid.json in Resources */ = {isa = PBXBuildFile; fileRef = 6B98DF9A236308860021E75E /* beer-valid.json */; };
		6B98DFA0236309FB0021E75E /* beer-invalid.json in Resources */ = {isa = PBXBuildFile; fileRef = 6B98DF9F236309D40021E75E /* beer-invalid.json */; };
/* End PBXBuildFile section */

/* Begin PBXContainerItemProxy section */
		6B98DF8E236307830021E75E /* PBXContainerItemProxy */ = {
			isa = PBXContainerItemProxy;
			containerPortal = 6B98DF0D2362F9FB0021E75E /* Project object */;
			proxyType = 1;
			remoteGlobalIDString = 6B98DF142362F9FB0021E75E;
			remoteInfo = HiMumSaidDad;
		};
/* End PBXContainerItemProxy section */

/* Begin PBXFileReference section */
		6B98DF152362F9FB0021E75E /* HiMumSaidDad.app */ = {isa = PBXFileReference; explicitFileType = wrapper.application; includeInIndex = 0; path = HiMumSaidDad.app; sourceTree = BUILT_PRODUCTS_DIR; };
		6B98DF182362F9FB0021E75E /* AppDelegate.swift */ = {isa = PBXFileReference; lastKnownFileType = sourcecode.swift; name = AppDelegate.swift; path = HiMumSaidDad/AppDelegate.swift; sourceTree = SOURCE_ROOT; };
		6B98DF1C2362F9FC0021E75E /* BeersListViewController.swift */ = {isa = PBXFileReference; lastKnownFileType = sourcecode.swift; path = BeersListViewController.swift; sourceTree = "<group>"; };
		6B98DF212362F9FE0021E75E /* Assets.xcassets */ = {isa = PBXFileReference; lastKnownFileType = folder.assetcatalog; path = Assets.xcassets; sourceTree = "<group>"; };
		6B98DF262362F9FE0021E75E /* Info.plist */ = {isa = PBXFileReference; lastKnownFileType = text.plist.xml; name = Info.plist; path = ../Info.plist; sourceTree = "<group>"; };
		6B98DF362362FB8A0021E75E /* LaunchScreen.storyboard */ = {isa = PBXFileReference; fileEncoding = 4; lastKnownFileType = file.storyboard; path = LaunchScreen.storyboard; sourceTree = "<group>"; };
		6B98DF382362FB8E0021E75E /* BeersList.storyboard */ = {isa = PBXFileReference; fileEncoding = 4; lastKnownFileType = file.storyboard; path = BeersList.storyboard; sourceTree = "<group>"; };
		6B98DF3B2362FDEB0021E75E /* RxRelay.framework */ = {isa = PBXFileReference; lastKnownFileType = wrapper.framework; name = RxRelay.framework; path = Carthage/Build/iOS/RxRelay.framework; sourceTree = "<group>"; };
		6B98DF3C2362FDEB0021E75E /* RxCocoa.framework */ = {isa = PBXFileReference; lastKnownFileType = wrapper.framework; name = RxCocoa.framework; path = Carthage/Build/iOS/RxCocoa.framework; sourceTree = "<group>"; };
		6B98DF3D2362FDEB0021E75E /* RxBlocking.framework */ = {isa = PBXFileReference; lastKnownFileType = wrapper.framework; name = RxBlocking.framework; path = Carthage/Build/iOS/RxBlocking.framework; sourceTree = "<group>"; };
		6B98DF3E2362FDEB0021E75E /* RxTest.framework */ = {isa = PBXFileReference; lastKnownFileType = wrapper.framework; name = RxTest.framework; path = Carthage/Build/iOS/RxTest.framework; sourceTree = "<group>"; };
		6B98DF3F2362FDEB0021E75E /* RxSwift.framework */ = {isa = PBXFileReference; lastKnownFileType = wrapper.framework; name = RxSwift.framework; path = Carthage/Build/iOS/RxSwift.framework; sourceTree = "<group>"; };
		6B98DF4A236301EE0021E75E /* CoordinatorFactory.swift */ = {isa = PBXFileReference; fileEncoding = 4; lastKnownFileType = sourcecode.swift; path = CoordinatorFactory.swift; sourceTree = "<group>"; };
		6B98DF52236302780021E75E /* UIViewController+Extension.swift */ = {isa = PBXFileReference; fileEncoding = 4; lastKnownFileType = sourcecode.swift; path = "UIViewController+Extension.swift"; sourceTree = "<group>"; };
		6B98DF54236302900021E75E /* BeersListCoordinator.swift */ = {isa = PBXFileReference; lastKnownFileType = sourcecode.swift; path = BeersListCoordinator.swift; sourceTree = "<group>"; };
		6B98DF57236303050021E75E /* Beer.swift */ = {isa = PBXFileReference; lastKnownFileType = sourcecode.swift; path = Beer.swift; sourceTree = "<group>"; };
		6B98DF7A236304AE0021E75E /* SceneDelegate.swift */ = {isa = PBXFileReference; fileEncoding = 4; lastKnownFileType = sourcecode.swift; path = SceneDelegate.swift; sourceTree = "<group>"; };
		6B98DF7C236305E10021E75E /* Repository.swift */ = {isa = PBXFileReference; lastKnownFileType = sourcecode.swift; path = Repository.swift; sourceTree = "<group>"; };
		6B98DF7E2363060A0021E75E /* BeersRepository.swift */ = {isa = PBXFileReference; lastKnownFileType = sourcecode.swift; path = BeersRepository.swift; sourceTree = "<group>"; };
		6B98DF80236306290021E75E /* Network.swift */ = {isa = PBXFileReference; lastKnownFileType = sourcecode.swift; path = Network.swift; sourceTree = "<group>"; };
		6B98DF83236306630021E75E /* Database.swift */ = {isa = PBXFileReference; lastKnownFileType = sourcecode.swift; path = Database.swift; sourceTree = "<group>"; };
		6B98DF89236307830021E75E /* HiMumSaidDadTests.xctest */ = {isa = PBXFileReference; explicitFileType = wrapper.cfbundle; includeInIndex = 0; path = HiMumSaidDadTests.xctest; sourceTree = BUILT_PRODUCTS_DIR; };
		6B98DF8B236307830021E75E /* HiMumSaidDadTests.swift */ = {isa = PBXFileReference; lastKnownFileType = sourcecode.swift; path = HiMumSaidDadTests.swift; sourceTree = "<group>"; };
		6B98DF8D236307830021E75E /* Info.plist */ = {isa = PBXFileReference; lastKnownFileType = text.plist.xml; path = Info.plist; sourceTree = "<group>"; };
		6B98DF94236307A70021E75E /* BeersRepositoryTests.swift */ = {isa = PBXFileReference; lastKnownFileType = sourcecode.swift; path = BeersRepositoryTests.swift; sourceTree = "<group>"; };
		6B98DF97236307C40021E75E /* BeerTests.swift */ = {isa = PBXFileReference; lastKnownFileType = sourcecode.swift; path = BeerTests.swift; sourceTree = "<group>"; };
		6B98DF9A236308860021E75E /* beer-valid.json */ = {isa = PBXFileReference; lastKnownFileType = text.json; path = "beer-valid.json"; sourceTree = "<group>"; };
		6B98DF9F236309D40021E75E /* beer-invalid.json */ = {isa = PBXFileReference; lastKnownFileType = text.json; path = "beer-invalid.json"; sourceTree = "<group>"; };
/* End PBXFileReference section */

/* Begin PBXFrameworksBuildPhase section */
		6B98DF122362F9FB0021E75E /* Frameworks */ = {
			isa = PBXFrameworksBuildPhase;
			buildActionMask = 2147483647;
			files = (
				6B98DF472362FEEE0021E75E /* RxSwift.framework in Frameworks */,
				6B98DF482362FEEE0021E75E /* RxCocoa.framework in Frameworks */,
				6B98DF492362FEEE0021E75E /* RxRelay.framework in Frameworks */,
			);
			runOnlyForDeploymentPostprocessing = 0;
		};
		6B98DF86236307830021E75E /* Frameworks */ = {
			isa = PBXFrameworksBuildPhase;
			buildActionMask = 2147483647;
			files = (
			);
			runOnlyForDeploymentPostprocessing = 0;
		};
/* End PBXFrameworksBuildPhase section */

/* Begin PBXGroup section */
		6B98DF0C2362F9FB0021E75E = {
			isa = PBXGroup;
			children = (
				6B98DF172362F9FB0021E75E /* HiMumSaidDad */,
				6B98DF8A236307830021E75E /* HiMumSaidDadTests */,
				6B98DF162362F9FB0021E75E /* Products */,
				6B98DF3A2362FDEB0021E75E /* Frameworks */,
			);
			sourceTree = "<group>";
		};
		6B98DF162362F9FB0021E75E /* Products */ = {
			isa = PBXGroup;
			children = (
				6B98DF152362F9FB0021E75E /* HiMumSaidDad.app */,
				6B98DF89236307830021E75E /* HiMumSaidDadTests.xctest */,
			);
			name = Products;
			sourceTree = "<group>";
		};
		6B98DF172362F9FB0021E75E /* HiMumSaidDad */ = {
			isa = PBXGroup;
			children = (
				6B98DF2C2362FA140021E75E /* App */,
				6B98DF2E2362FA1F0021E75E /* UseCases */,
				6B98DF4C236302140021E75E /* Network */,
				6B98DF82236306510021E75E /* Database */,
				6B98DF2D2362FA180021E75E /* Repostiroy */,
				6B98DF51236302620021E75E /* Extensions */,
				6B98DF2F2362FA260021E75E /* Resources */,
				6B98DF302362FA2D0021E75E /* Supporting Files */,
			);
			path = HiMumSaidDad;
			sourceTree = "<group>";
		};
		6B98DF2C2362FA140021E75E /* App */ = {
			isa = PBXGroup;
			children = (
				6B98DF182362F9FB0021E75E /* AppDelegate.swift */,
				6B98DF7A236304AE0021E75E /* SceneDelegate.swift */,
				6B98DF4A236301EE0021E75E /* CoordinatorFactory.swift */,
			);
			path = App;
			sourceTree = "<group>";
		};
		6B98DF2D2362FA180021E75E /* Repostiroy */ = {
			isa = PBXGroup;
			children = (
				6B98DF7C236305E10021E75E /* Repository.swift */,
				6B98DF96236307A90021E75E /* Beers */,
			);
			path = Repostiroy;
			sourceTree = "<group>";
		};
		6B98DF2E2362FA1F0021E75E /* UseCases */ = {
			isa = PBXGroup;
			children = (
				6B98DF4D236302400021E75E /* BeersList */,
			);
			path = UseCases;
			sourceTree = "<group>";
		};
		6B98DF2F2362FA260021E75E /* Resources */ = {
			isa = PBXGroup;
			children = (
				6B98DF362362FB8A0021E75E /* LaunchScreen.storyboard */,
				6B98DF212362F9FE0021E75E /* Assets.xcassets */,
			);
			path = Resources;
			sourceTree = "<group>";
		};
		6B98DF302362FA2D0021E75E /* Supporting Files */ = {
			isa = PBXGroup;
			children = (
				6B98DF262362F9FE0021E75E /* Info.plist */,
			);
			path = "Supporting Files";
			sourceTree = "<group>";
		};
		6B98DF3A2362FDEB0021E75E /* Frameworks */ = {
			isa = PBXGroup;
			children = (
				6B98DF3D2362FDEB0021E75E /* RxBlocking.framework */,
				6B98DF3C2362FDEB0021E75E /* RxCocoa.framework */,
				6B98DF3B2362FDEB0021E75E /* RxRelay.framework */,
				6B98DF3F2362FDEB0021E75E /* RxSwift.framework */,
				6B98DF3E2362FDEB0021E75E /* RxTest.framework */,
			);
			name = Frameworks;
			sourceTree = "<group>";
		};
		6B98DF4C236302140021E75E /* Network */ = {
			isa = PBXGroup;
			children = (
				6B98DF80236306290021E75E /* Network.swift */,
			);
			path = Network;
			sourceTree = "<group>";
		};
		6B98DF4D236302400021E75E /* BeersList */ = {
			isa = PBXGroup;
			children = (
				6B98DF502363024F0021E75E /* Coordinator */,
				6B98DF4F2363024C0021E75E /* ViewModel */,
				6B98DF4E236302480021E75E /* View */,
			);
			path = BeersList;
			sourceTree = "<group>";
		};
		6B98DF4E236302480021E75E /* View */ = {
			isa = PBXGroup;
			children = (
				6B98DF382362FB8E0021E75E /* BeersList.storyboard */,
				6B98DF1C2362F9FC0021E75E /* BeersListViewController.swift */,
			);
			path = View;
			sourceTree = "<group>";
		};
		6B98DF4F2363024C0021E75E /* ViewModel */ = {
			isa = PBXGroup;
			children = (
			);
			path = ViewModel;
			sourceTree = "<group>";
		};
		6B98DF502363024F0021E75E /* Coordinator */ = {
			isa = PBXGroup;
			children = (
				6B98DF54236302900021E75E /* BeersListCoordinator.swift */,
			);
			path = Coordinator;
			sourceTree = "<group>";
		};
		6B98DF51236302620021E75E /* Extensions */ = {
			isa = PBXGroup;
			children = (
				6B98DF52236302780021E75E /* UIViewController+Extension.swift */,
			);
			path = Extensions;
			sourceTree = "<group>";
		};
		6B98DF82236306510021E75E /* Database */ = {
			isa = PBXGroup;
			children = (
				6B98DF83236306630021E75E /* Database.swift */,
			);
			path = Database;
			sourceTree = "<group>";
		};
		6B98DF8A236307830021E75E /* HiMumSaidDadTests */ = {
			isa = PBXGroup;
			children = (
				6B98DF992363086F0021E75E /* Resources */,
				6B98DF932363078B0021E75E /* Repository */,
				6B98DF8B236307830021E75E /* HiMumSaidDadTests.swift */,
				6B98DF8D236307830021E75E /* Info.plist */,
			);
			path = HiMumSaidDadTests;
			sourceTree = "<group>";
		};
		6B98DF932363078B0021E75E /* Repository */ = {
			isa = PBXGroup;
			children = (
				6B98DF94236307A70021E75E /* BeersRepositoryTests.swift */,
				6B98DF97236307C40021E75E /* BeerTests.swift */,
			);
			path = Repository;
			sourceTree = "<group>";
		};
		6B98DF96236307A90021E75E /* Beers */ = {
			isa = PBXGroup;
			children = (
				6B98DF57236303050021E75E /* Beer.swift */,
				6B98DF7E2363060A0021E75E /* BeersRepository.swift */,
			);
			path = Beers;
			sourceTree = "<group>";
		};
		6B98DF992363086F0021E75E /* Resources */ = {
			isa = PBXGroup;
			children = (
				6B98DF9F236309D40021E75E /* beer-invalid.json */,
				6B98DF9A236308860021E75E /* beer-valid.json */,
			);
			path = Resources;
			sourceTree = "<group>";
		};
/* End PBXGroup section */

/* Begin PBXNativeTarget section */
		6B98DF142362F9FB0021E75E /* HiMumSaidDad */ = {
			isa = PBXNativeTarget;
			buildConfigurationList = 6B98DF292362F9FE0021E75E /* Build configuration list for PBXNativeTarget "HiMumSaidDad" */;
			buildPhases = (
				6B98DF112362F9FB0021E75E /* Sources */,
				6B98DF122362F9FB0021E75E /* Frameworks */,
				6B98DF132362F9FB0021E75E /* Resources */,
				6B98DF452362FE4B0021E75E /* Copy Frameworks [Carthage] */,
			);
			buildRules = (
			);
			dependencies = (
			);
			name = HiMumSaidDad;
			productName = HiMumSaidDad;
			productReference = 6B98DF152362F9FB0021E75E /* HiMumSaidDad.app */;
			productType = "com.apple.product-type.application";
		};
		6B98DF88236307830021E75E /* HiMumSaidDadTests */ = {
			isa = PBXNativeTarget;
			buildConfigurationList = 6B98DF90236307830021E75E /* Build configuration list for PBXNativeTarget "HiMumSaidDadTests" */;
			buildPhases = (
				6B98DF85236307830021E75E /* Sources */,
				6B98DF86236307830021E75E /* Frameworks */,
				6B98DF87236307830021E75E /* Resources */,
			);
			buildRules = (
			);
			dependencies = (
				6B98DF8F236307830021E75E /* PBXTargetDependency */,
			);
			name = HiMumSaidDadTests;
			productName = HiMumSaidDadTests;
			productReference = 6B98DF89236307830021E75E /* HiMumSaidDadTests.xctest */;
			productType = "com.apple.product-type.bundle.unit-test";
		};
/* End PBXNativeTarget section */

/* Begin PBXProject section */
		6B98DF0D2362F9FB0021E75E /* Project object */ = {
			isa = PBXProject;
			attributes = {
				LastSwiftUpdateCheck = 1110;
				LastUpgradeCheck = 1110;
				ORGANIZATIONNAME = "Harmeet Singh";
				TargetAttributes = {
					6B98DF142362F9FB0021E75E = {
						CreatedOnToolsVersion = 11.1;
					};
					6B98DF88236307830021E75E = {
						CreatedOnToolsVersion = 11.1;
						TestTargetID = 6B98DF142362F9FB0021E75E;
					};
				};
			};
			buildConfigurationList = 6B98DF102362F9FB0021E75E /* Build configuration list for PBXProject "HiMumSaidDad" */;
			compatibilityVersion = "Xcode 9.3";
			developmentRegion = en;
			hasScannedForEncodings = 0;
			knownRegions = (
				en,
				Base,
			);
			mainGroup = 6B98DF0C2362F9FB0021E75E;
			productRefGroup = 6B98DF162362F9FB0021E75E /* Products */;
			projectDirPath = "";
			projectRoot = "";
			targets = (
				6B98DF142362F9FB0021E75E /* HiMumSaidDad */,
				6B98DF88236307830021E75E /* HiMumSaidDadTests */,
			);
		};
/* End PBXProject section */

/* Begin PBXResourcesBuildPhase section */
		6B98DF132362F9FB0021E75E /* Resources */ = {
			isa = PBXResourcesBuildPhase;
			buildActionMask = 2147483647;
			files = (
				6B98DF392362FB8E0021E75E /* BeersList.storyboard in Resources */,
				6B98DF222362F9FE0021E75E /* Assets.xcassets in Resources */,
				6B98DF372362FB8A0021E75E /* LaunchScreen.storyboard in Resources */,
			);
			runOnlyForDeploymentPostprocessing = 0;
		};
		6B98DF87236307830021E75E /* Resources */ = {
			isa = PBXResourcesBuildPhase;
			buildActionMask = 2147483647;
			files = (
				6B98DF9B236308860021E75E /* beer-valid.json in Resources */,
				6B98DFA0236309FB0021E75E /* beer-invalid.json in Resources */,
			);
			runOnlyForDeploymentPostprocessing = 0;
		};
/* End PBXResourcesBuildPhase section */

/* Begin PBXShellScriptBuildPhase section */
		6B98DF452362FE4B0021E75E /* Copy Frameworks [Carthage] */ = {
			isa = PBXShellScriptBuildPhase;
			buildActionMask = 2147483647;
			files = (
			);
			inputFileListPaths = (
			);
			inputPaths = (
				"$(SRCROOT)/Carthage/Build/iOS/RxCocoa.framework",
				"$(SRCROOT)/Carthage/Build/iOS/RxSwift.framework",
				"$(SRCROOT)/Carthage/Build/iOS/RxRelay.framework",
			);
			name = "Copy Frameworks [Carthage]";
			outputFileListPaths = (
			);
			outputPaths = (
				"$(BUILT_PRODUCTS_DIR)/$(FRAMEWORKS_FOLDER_PATH)/RxSwift.framework",
				"$(BUILT_PRODUCTS_DIR)/$(FRAMEWORKS_FOLDER_PATH)/RxCocoa.framework",
				"$(BUILT_PRODUCTS_DIR)/$(FRAMEWORKS_FOLDER_PATH)/RxRelay.framework",
			);
			runOnlyForDeploymentPostprocessing = 0;
			shellPath = /bin/sh;
			shellScript = "/usr/local/bin/carthage copy-frameworks\n";
		};
/* End PBXShellScriptBuildPhase section */

/* Begin PBXSourcesBuildPhase section */
		6B98DF112362F9FB0021E75E /* Sources */ = {
			isa = PBXSourcesBuildPhase;
			buildActionMask = 2147483647;
			files = (
				6B98DF81236306290021E75E /* Network.swift in Sources */,
				6B98DF84236306630021E75E /* Database.swift in Sources */,
				6B98DF53236302780021E75E /* UIViewController+Extension.swift in Sources */,
				6B98DF7B236304AE0021E75E /* SceneDelegate.swift in Sources */,
				6B98DF7F2363060A0021E75E /* BeersRepository.swift in Sources */,
				6B98DF58236303050021E75E /* Beer.swift in Sources */,
				6B98DF7D236305E10021E75E /* Repository.swift in Sources */,
				6B98DF4B236301EE0021E75E /* CoordinatorFactory.swift in Sources */,
				6B98DF1D2362F9FC0021E75E /* BeersListViewController.swift in Sources */,
				6B98DF192362F9FB0021E75E /* AppDelegate.swift in Sources */,
				6B98DF55236302900021E75E /* BeersListCoordinator.swift in Sources */,
			);
			runOnlyForDeploymentPostprocessing = 0;
		};
		6B98DF85236307830021E75E /* Sources */ = {
			isa = PBXSourcesBuildPhase;
			buildActionMask = 2147483647;
			files = (
				6B98DF8C236307830021E75E /* HiMumSaidDadTests.swift in Sources */,
				6B98DF98236307C40021E75E /* BeerTests.swift in Sources */,
				6B98DF95236307A70021E75E /* BeersRepositoryTests.swift in Sources */,
			);
			runOnlyForDeploymentPostprocessing = 0;
		};
/* End PBXSourcesBuildPhase section */

/* Begin PBXTargetDependency section */
		6B98DF8F236307830021E75E /* PBXTargetDependency */ = {
			isa = PBXTargetDependency;
			target = 6B98DF142362F9FB0021E75E /* HiMumSaidDad */;
			targetProxy = 6B98DF8E236307830021E75E /* PBXContainerItemProxy */;
		};
/* End PBXTargetDependency section */

/* Begin XCBuildConfiguration section */
		6B98DF272362F9FE0021E75E /* Debug */ = {
			isa = XCBuildConfiguration;
			buildSettings = {
				ALWAYS_SEARCH_USER_PATHS = NO;
				CLANG_ANALYZER_NONNULL = YES;
				CLANG_ANALYZER_NUMBER_OBJECT_CONVERSION = YES_AGGRESSIVE;
				CLANG_CXX_LANGUAGE_STANDARD = "gnu++14";
				CLANG_CXX_LIBRARY = "libc++";
				CLANG_ENABLE_MODULES = YES;
				CLANG_ENABLE_OBJC_ARC = YES;
				CLANG_ENABLE_OBJC_WEAK = YES;
				CLANG_WARN_BLOCK_CAPTURE_AUTORELEASING = YES;
				CLANG_WARN_BOOL_CONVERSION = YES;
				CLANG_WARN_COMMA = YES;
				CLANG_WARN_CONSTANT_CONVERSION = YES;
				CLANG_WARN_DEPRECATED_OBJC_IMPLEMENTATIONS = YES;
				CLANG_WARN_DIRECT_OBJC_ISA_USAGE = YES_ERROR;
				CLANG_WARN_DOCUMENTATION_COMMENTS = YES;
				CLANG_WARN_EMPTY_BODY = YES;
				CLANG_WARN_ENUM_CONVERSION = YES;
				CLANG_WARN_INFINITE_RECURSION = YES;
				CLANG_WARN_INT_CONVERSION = YES;
				CLANG_WARN_NON_LITERAL_NULL_CONVERSION = YES;
				CLANG_WARN_OBJC_IMPLICIT_RETAIN_SELF = YES;
				CLANG_WARN_OBJC_LITERAL_CONVERSION = YES;
				CLANG_WARN_OBJC_ROOT_CLASS = YES_ERROR;
				CLANG_WARN_RANGE_LOOP_ANALYSIS = YES;
				CLANG_WARN_STRICT_PROTOTYPES = YES;
				CLANG_WARN_SUSPICIOUS_MOVE = YES;
				CLANG_WARN_UNGUARDED_AVAILABILITY = YES_AGGRESSIVE;
				CLANG_WARN_UNREACHABLE_CODE = YES;
				CLANG_WARN__DUPLICATE_METHOD_MATCH = YES;
				COPY_PHASE_STRIP = NO;
				DEBUG_INFORMATION_FORMAT = dwarf;
				ENABLE_STRICT_OBJC_MSGSEND = YES;
				ENABLE_TESTABILITY = YES;
				GCC_C_LANGUAGE_STANDARD = gnu11;
				GCC_DYNAMIC_NO_PIC = NO;
				GCC_NO_COMMON_BLOCKS = YES;
				GCC_OPTIMIZATION_LEVEL = 0;
				GCC_PREPROCESSOR_DEFINITIONS = (
					"DEBUG=1",
					"$(inherited)",
				);
				GCC_WARN_64_TO_32_BIT_CONVERSION = YES;
				GCC_WARN_ABOUT_RETURN_TYPE = YES_ERROR;
				GCC_WARN_UNDECLARED_SELECTOR = YES;
				GCC_WARN_UNINITIALIZED_AUTOS = YES_AGGRESSIVE;
				GCC_WARN_UNUSED_FUNCTION = YES;
				GCC_WARN_UNUSED_VARIABLE = YES;
				IPHONEOS_DEPLOYMENT_TARGET = 13.1;
				MTL_ENABLE_DEBUG_INFO = INCLUDE_SOURCE;
				MTL_FAST_MATH = YES;
				ONLY_ACTIVE_ARCH = YES;
				SDKROOT = iphoneos;
				SWIFT_ACTIVE_COMPILATION_CONDITIONS = DEBUG;
				SWIFT_OPTIMIZATION_LEVEL = "-Onone";
			};
			name = Debug;
		};
		6B98DF282362F9FE0021E75E /* Release */ = {
			isa = XCBuildConfiguration;
			buildSettings = {
				ALWAYS_SEARCH_USER_PATHS = NO;
				CLANG_ANALYZER_NONNULL = YES;
				CLANG_ANALYZER_NUMBER_OBJECT_CONVERSION = YES_AGGRESSIVE;
				CLANG_CXX_LANGUAGE_STANDARD = "gnu++14";
				CLANG_CXX_LIBRARY = "libc++";
				CLANG_ENABLE_MODULES = YES;
				CLANG_ENABLE_OBJC_ARC = YES;
				CLANG_ENABLE_OBJC_WEAK = YES;
				CLANG_WARN_BLOCK_CAPTURE_AUTORELEASING = YES;
				CLANG_WARN_BOOL_CONVERSION = YES;
				CLANG_WARN_COMMA = YES;
				CLANG_WARN_CONSTANT_CONVERSION = YES;
				CLANG_WARN_DEPRECATED_OBJC_IMPLEMENTATIONS = YES;
				CLANG_WARN_DIRECT_OBJC_ISA_USAGE = YES_ERROR;
				CLANG_WARN_DOCUMENTATION_COMMENTS = YES;
				CLANG_WARN_EMPTY_BODY = YES;
				CLANG_WARN_ENUM_CONVERSION = YES;
				CLANG_WARN_INFINITE_RECURSION = YES;
				CLANG_WARN_INT_CONVERSION = YES;
				CLANG_WARN_NON_LITERAL_NULL_CONVERSION = YES;
				CLANG_WARN_OBJC_IMPLICIT_RETAIN_SELF = YES;
				CLANG_WARN_OBJC_LITERAL_CONVERSION = YES;
				CLANG_WARN_OBJC_ROOT_CLASS = YES_ERROR;
				CLANG_WARN_RANGE_LOOP_ANALYSIS = YES;
				CLANG_WARN_STRICT_PROTOTYPES = YES;
				CLANG_WARN_SUSPICIOUS_MOVE = YES;
				CLANG_WARN_UNGUARDED_AVAILABILITY = YES_AGGRESSIVE;
				CLANG_WARN_UNREACHABLE_CODE = YES;
				CLANG_WARN__DUPLICATE_METHOD_MATCH = YES;
				COPY_PHASE_STRIP = NO;
				DEBUG_INFORMATION_FORMAT = "dwarf-with-dsym";
				ENABLE_NS_ASSERTIONS = NO;
				ENABLE_STRICT_OBJC_MSGSEND = YES;
				GCC_C_LANGUAGE_STANDARD = gnu11;
				GCC_NO_COMMON_BLOCKS = YES;
				GCC_WARN_64_TO_32_BIT_CONVERSION = YES;
				GCC_WARN_ABOUT_RETURN_TYPE = YES_ERROR;
				GCC_WARN_UNDECLARED_SELECTOR = YES;
				GCC_WARN_UNINITIALIZED_AUTOS = YES_AGGRESSIVE;
				GCC_WARN_UNUSED_FUNCTION = YES;
				GCC_WARN_UNUSED_VARIABLE = YES;
				IPHONEOS_DEPLOYMENT_TARGET = 13.1;
				MTL_ENABLE_DEBUG_INFO = NO;
				MTL_FAST_MATH = YES;
				SDKROOT = iphoneos;
				SWIFT_COMPILATION_MODE = wholemodule;
				SWIFT_OPTIMIZATION_LEVEL = "-O";
				VALIDATE_PRODUCT = YES;
			};
			name = Release;
		};
		6B98DF2A2362F9FE0021E75E /* Debug */ = {
			isa = XCBuildConfiguration;
			buildSettings = {
				ASSETCATALOG_COMPILER_APPICON_NAME = AppIcon;
				CODE_SIGN_STYLE = Automatic;
				FRAMEWORK_SEARCH_PATHS = (
					"$(inherited)",
					"$(PROJECT_DIR)/Carthage/Build/iOS",
				);
				INFOPLIST_FILE = HiMumSaidDad/Info.plist;
				LD_RUNPATH_SEARCH_PATHS = (
					"$(inherited)",
					"@executable_path/Frameworks",
				);
				PRODUCT_BUNDLE_IDENTIFIER = harmeet.singh.HiMumSaidDad;
				PRODUCT_NAME = "$(TARGET_NAME)";
				SWIFT_VERSION = 5.0;
				TARGETED_DEVICE_FAMILY = "1,2";
			};
			name = Debug;
		};
		6B98DF2B2362F9FE0021E75E /* Release */ = {
			isa = XCBuildConfiguration;
			buildSettings = {
				ASSETCATALOG_COMPILER_APPICON_NAME = AppIcon;
				CODE_SIGN_STYLE = Automatic;
				FRAMEWORK_SEARCH_PATHS = (
					"$(inherited)",
					"$(PROJECT_DIR)/Carthage/Build/iOS",
				);
				INFOPLIST_FILE = HiMumSaidDad/Info.plist;
				LD_RUNPATH_SEARCH_PATHS = (
					"$(inherited)",
					"@executable_path/Frameworks",
				);
				PRODUCT_BUNDLE_IDENTIFIER = harmeet.singh.HiMumSaidDad;
				PRODUCT_NAME = "$(TARGET_NAME)";
				SWIFT_VERSION = 5.0;
				TARGETED_DEVICE_FAMILY = "1,2";
			};
			name = Release;
		};
		6B98DF91236307830021E75E /* Debug */ = {
			isa = XCBuildConfiguration;
			buildSettings = {
				BUNDLE_LOADER = "$(TEST_HOST)";
				CODE_SIGN_STYLE = Automatic;
				INFOPLIST_FILE = HiMumSaidDadTests/Info.plist;
				LD_RUNPATH_SEARCH_PATHS = (
					"$(inherited)",
					"@executable_path/Frameworks",
					"@loader_path/Frameworks",
				);
				PRODUCT_BUNDLE_IDENTIFIER = harmeet.singh.HiMumSaidDadTests;
				PRODUCT_NAME = "$(TARGET_NAME)";
				SWIFT_VERSION = 5.0;
				TARGETED_DEVICE_FAMILY = "1,2";
				TEST_HOST = "$(BUILT_PRODUCTS_DIR)/HiMumSaidDad.app/HiMumSaidDad";
			};
			name = Debug;
		};
		6B98DF92236307830021E75E /* Release */ = {
			isa = XCBuildConfiguration;
			buildSettings = {
				BUNDLE_LOADER = "$(TEST_HOST)";
				CODE_SIGN_STYLE = Automatic;
				INFOPLIST_FILE = HiMumSaidDadTests/Info.plist;
				LD_RUNPATH_SEARCH_PATHS = (
					"$(inherited)",
					"@executable_path/Frameworks",
					"@loader_path/Frameworks",
				);
				PRODUCT_BUNDLE_IDENTIFIER = harmeet.singh.HiMumSaidDadTests;
				PRODUCT_NAME = "$(TARGET_NAME)";
				SWIFT_VERSION = 5.0;
				TARGETED_DEVICE_FAMILY = "1,2";
				TEST_HOST = "$(BUILT_PRODUCTS_DIR)/HiMumSaidDad.app/HiMumSaidDad";
			};
			name = Release;
		};
/* End XCBuildConfiguration section */

/* Begin XCConfigurationList section */
		6B98DF102362F9FB0021E75E /* Build configuration list for PBXProject "HiMumSaidDad" */ = {
			isa = XCConfigurationList;
			buildConfigurations = (
				6B98DF272362F9FE0021E75E /* Debug */,
				6B98DF282362F9FE0021E75E /* Release */,
			);
			defaultConfigurationIsVisible = 0;
			defaultConfigurationName = Release;
		};
		6B98DF292362F9FE0021E75E /* Build configuration list for PBXNativeTarget "HiMumSaidDad" */ = {
			isa = XCConfigurationList;
			buildConfigurations = (
				6B98DF2A2362F9FE0021E75E /* Debug */,
				6B98DF2B2362F9FE0021E75E /* Release */,
			);
			defaultConfigurationIsVisible = 0;
			defaultConfigurationName = Release;
		};
		6B98DF90236307830021E75E /* Build configuration list for PBXNativeTarget "HiMumSaidDadTests" */ = {
			isa = XCConfigurationList;
			buildConfigurations = (
				6B98DF91236307830021E75E /* Debug */,
				6B98DF92236307830021E75E /* Release */,
			);
			defaultConfigurationIsVisible = 0;
			defaultConfigurationName = Release;
		};
/* End XCConfigurationList section */
	};
	rootObject = 6B98DF0D2362F9FB0021E75E /* Project object */;
}
